PODS:
  - Alamofire (5.6.2)
  - Realm (10.32.3):
    - Realm/Headers (= 10.32.3)
  - Realm/Headers (10.32.3)
  - RealmSwift (10.32.3):
    - Realm (= 10.32.3)
  - Sentry (7.30.2):
    - Sentry/Core (= 7.30.2)
  - Sentry/Core (7.30.2)

DEPENDENCIES:
  - Alamofire (~> 5)
  - RealmSwift (~> 10)
  - Sentry (from `https://github.com/getsentry/sentry-cocoa.git`, tag `7.30.2`)

SPEC REPOS:
  trunk:
    - Alamofire
    - Realm
    - RealmSwift

EXTERNAL SOURCES:
  Sentry:
    :git: https://github.com/getsentry/sentry-cocoa.git
    :tag: 7.30.2

CHECKOUT OPTIONS:
  Sentry:
    :git: https://github.com/getsentry/sentry-cocoa.git
    :tag: 7.30.2

SPEC CHECKSUMS:
  Alamofire: d368e1ff8a298e6dde360e35a3e68e6c610e7204
  Realm: fdf6732924dc5e69e30e0db2c11e869f92b53f3d
  RealmSwift: 7c181da8fa1c2fe613656a77c198d6a3dc3879a1
  Sentry: 9be48e341494bc976c963b05aa4a8ca48308c684

PODFILE CHECKSUM: 528f1e3b2a75732061f9a46c21547ea2b0d0f8c6

COCOAPODS: 1.11.3
