// !$*UTF8*$!
{
	archiveVersion = 1;
	classes = {
	};
	objectVersion = 56;
	objects = {

/* Begin PBXBuildFile section */
		4E24B6DD29147D7600405D06 /* WolfieApp.swift in Sources */ = {isa = PBXBuildFile; fileRef = 4E24B6DC29147D7600405D06 /* WolfieApp.swift */; };
		4E24B6DF29147D7600405D06 /* ContentView.swift in Sources */ = {isa = PBXBuildFile; fileRef = 4E24B6DE29147D7600405D06 /* ContentView.swift */; };
		4E24B6E129147D7700405D06 /* Assets.xcassets in Resources */ = {isa = PBXBuildFile; fileRef = 4E24B6E029147D7700405D06 /* Assets.xcassets */; };
		4E24B6E429147D7700405D06 /* Preview Assets.xcassets in Resources */ = {isa = PBXBuildFile; fileRef = 4E24B6E329147D7700405D06 /* Preview Assets.xcassets */; };
		4E24B6E629147D7700405D06 /* Persistence.swift in Sources */ = {isa = PBXBuildFile; fileRef = 4E24B6E529147D7700405D06 /* Persistence.swift */; };
		4E24B6E929147D7700405D06 /* Wolfie.xcdatamodeld in Sources */ = {isa = PBXBuildFile; fileRef = 4E24B6E729147D7700405D06 /* Wolfie.xcdatamodeld */; };
		4E24B6F329147D7700405D06 /* WolfieTests.swift in Sources */ = {isa = PBXBuildFile; fileRef = 4E24B6F229147D7700405D06 /* WolfieTests.swift */; };
		4E24B6FD29147D7700405D06 /* WolfieUITests.swift in Sources */ = {isa = PBXBuildFile; fileRef = 4E24B6FC29147D7700405D06 /* WolfieUITests.swift */; };
		4E24B6FF29147D7700405D06 /* WolfieUITestsLaunchTests.swift in Sources */ = {isa = PBXBuildFile; fileRef = 4E24B6FE29147D7700405D06 /* WolfieUITestsLaunchTests.swift */; };
		4E51E584291EFC750007887B /* HealthLogView.swift in Sources */ = {isa = PBXBuildFile; fileRef = 4E51E583291EFC750007887B /* HealthLogView.swift */; };
		4E51E586291EFC820007887B /* HealthLogViewModel.swift in Sources */ = {isa = PBXBuildFile; fileRef = 4E51E585291EFC820007887B /* HealthLogViewModel.swift */; };
		4E51E588291EFCCF0007887B /* HealthLogValue.swift in Sources */ = {isa = PBXBuildFile; fileRef = 4E51E587291EFCCF0007887B /* HealthLogValue.swift */; };
		4E51E58A291EFD180007887B /* HealthLogKind.swift in Sources */ = {isa = PBXBuildFile; fileRef = 4E51E589291EFD180007887B /* HealthLogKind.swift */; };
		4E51E58C291EFDA10007887B /* MedicineValue.swift in Sources */ = {isa = PBXBuildFile; fileRef = 4E51E58B291EFDA10007887B /* MedicineValue.swift */; };
		4E51E58E291EFE440007887B /* User.swift in Sources */ = {isa = PBXBuildFile; fileRef = 4E51E58D291EFE440007887B /* User.swift */; };
		4E51E590291F01F80007887B /* StringExtensions.swift in Sources */ = {isa = PBXBuildFile; fileRef = 4E51E58F291F01F80007887B /* StringExtensions.swift */; };
		4E51E594291F08780007887B /* HealthLogSingleView.swift in Sources */ = {isa = PBXBuildFile; fileRef = 4E51E593291F08780007887B /* HealthLogSingleView.swift */; };
		4E51E596291F089D0007887B /* HealthLogSingleViewModel.swift in Sources */ = {isa = PBXBuildFile; fileRef = 4E51E595291F089D0007887B /* HealthLogSingleViewModel.swift */; };
		4E51E598291F122C0007887B /* HealthLogForm.swift in Sources */ = {isa = PBXBuildFile; fileRef = 4E51E597291F122C0007887B /* HealthLogForm.swift */; };
		4E51E59A291F12370007887B /* HealthLogFormViewModel.swift in Sources */ = {isa = PBXBuildFile; fileRef = 4E51E599291F12370007887B /* HealthLogFormViewModel.swift */; };
		4E51E59C291F22480007887B /* MultiSelectSearch.swift in Sources */ = {isa = PBXBuildFile; fileRef = 4E51E59B291F22480007887B /* MultiSelectSearch.swift */; };
		4E51E5A3291F29D60007887B /* ProfileView.swift in Sources */ = {isa = PBXBuildFile; fileRef = 4E51E5A2291F29D60007887B /* ProfileView.swift */; };
		4E51E5A5291F29E20007887B /* ProfileViewModel.swift in Sources */ = {isa = PBXBuildFile; fileRef = 4E51E5A4291F29E20007887B /* ProfileViewModel.swift */; };
		4E51E5A7291F2B0B0007887B /* RefreshToken.swift in Sources */ = {isa = PBXBuildFile; fileRef = 4E51E5A6291F2B0B0007887B /* RefreshToken.swift */; };
		4E51E5A9291F2DB20007887B /* Config.swift in Sources */ = {isa = PBXBuildFile; fileRef = 4E51E5A8291F2DB20007887B /* Config.swift */; };
		4E51E5AB291F2DE00007887B /* UserRoles.swift in Sources */ = {isa = PBXBuildFile; fileRef = 4E51E5AA291F2DE00007887B /* UserRoles.swift */; };
		4E51E5B0291F35A10007887B /* WebView.swift in Sources */ = {isa = PBXBuildFile; fileRef = 4E51E5AF291F35A10007887B /* WebView.swift */; };
		4E79464A291AD3FC000C356C /* InputComponent.swift in Sources */ = {isa = PBXBuildFile; fileRef = 4E794649291AD3FC000C356C /* InputComponent.swift */; };
		4E79464C291AD58F000C356C /* SignInViewModel.swift in Sources */ = {isa = PBXBuildFile; fileRef = 4E79464B291AD58F000C356C /* SignInViewModel.swift */; };
		4E794651291AE000000C356C /* CheckboxComponent.swift in Sources */ = {isa = PBXBuildFile; fileRef = 4E794650291AE000000C356C /* CheckboxComponent.swift */; };
		4E8B68AE29201D9900A0BBE1 /* RealmManager.swift in Sources */ = {isa = PBXBuildFile; fileRef = 4E8B68AD29201D9900A0BBE1 /* RealmManager.swift */; };
		4E8B68B129201E5F00A0BBE1 /* Test.swift in Sources */ = {isa = PBXBuildFile; fileRef = 4E8B68B029201E5F00A0BBE1 /* Test.swift */; };
		4E8B68B429201F7100A0BBE1 /* RealmPlayground.swift in Sources */ = {isa = PBXBuildFile; fileRef = 4E8B68B329201F7100A0BBE1 /* RealmPlayground.swift */; };
		4E8B68B729202A0500A0BBE1 /* Config.xcconfig in Resources */ = {isa = PBXBuildFile; fileRef = 4E8B68B52920298B00A0BBE1 /* Config.xcconfig */; };
		4E8B68BA29202ADC00A0BBE1 /* SentryLog.swift in Sources */ = {isa = PBXBuildFile; fileRef = 4E8B68B929202ADC00A0BBE1 /* SentryLog.swift */; };
		4E8B68BE292032E300A0BBE1 /* PetDB.swift in Sources */ = {isa = PBXBuildFile; fileRef = 4E8B68BD292032E300A0BBE1 /* PetDB.swift */; };
		4E8B68C02920349100A0BBE1 /* WeightValueDB.swift in Sources */ = {isa = PBXBuildFile; fileRef = 4E8B68BF2920349100A0BBE1 /* WeightValueDB.swift */; };
		4E8B68C2292034EA00A0BBE1 /* BreedDB.swift in Sources */ = {isa = PBXBuildFile; fileRef = 4E8B68C1292034EA00A0BBE1 /* BreedDB.swift */; };
		4EE651B0291971EA007F115A /* MainView.swift in Sources */ = {isa = PBXBuildFile; fileRef = 4EE651AF291971EA007F115A /* MainView.swift */; };
		4EE651B32919724A007F115A /* MainDevView.swift in Sources */ = {isa = PBXBuildFile; fileRef = 4EE651B22919724A007F115A /* MainDevView.swift */; };
		4EE651B62919734F007F115A /* ButtonComponent.swift in Sources */ = {isa = PBXBuildFile; fileRef = 4EE651B52919734F007F115A /* ButtonComponent.swift */; };
		4EE651B92919769D007F115A /* GuestView.swift in Sources */ = {isa = PBXBuildFile; fileRef = 4EE651B82919769D007F115A /* GuestView.swift */; };
		4EE651BC291978E6007F115A /* Localizable.strings in Resources */ = {isa = PBXBuildFile; fileRef = 4EE651BE291978E6007F115A /* Localizable.strings */; };
		4EE651C129197D2E007F115A /* AppViews.swift in Sources */ = {isa = PBXBuildFile; fileRef = 4EE651C029197D2E007F115A /* AppViews.swift */; };
		4EE651C32919BF82007F115A /* SignInView.swift in Sources */ = {isa = PBXBuildFile; fileRef = 4EE651C22919BF82007F115A /* SignInView.swift */; };
		4EE651C52919BF8A007F115A /* SignUpView.swift in Sources */ = {isa = PBXBuildFile; fileRef = 4EE651C42919BF8A007F115A /* SignUpView.swift */; };
		4EE651CA2919D310007F115A /* ShakeGestureManager.swift in Sources */ = {isa = PBXBuildFile; fileRef = 4EE651C92919D310007F115A /* ShakeGestureManager.swift */; };
		4EF572A929214AA500F11E4A /* ApiService.swift in Sources */ = {isa = PBXBuildFile; fileRef = 4EF572A829214AA500F11E4A /* ApiService.swift */; };
		4EF572AB29214B7500F11E4A /* SignInDto.swift in Sources */ = {isa = PBXBuildFile; fileRef = 4EF572AA29214B7500F11E4A /* SignInDto.swift */; };
		4EF572AD29214BBC00F11E4A /* SignIn.swift in Sources */ = {isa = PBXBuildFile; fileRef = 4EF572AC29214BBC00F11E4A /* SignIn.swift */; };
		4EF572AF29214C3E00F11E4A /* ApiRouter.swift in Sources */ = {isa = PBXBuildFile; fileRef = 4EF572AE29214C3E00F11E4A /* ApiRouter.swift */; };
		4EF572B129214C4B00F11E4A /* ApiConfiguration.swift in Sources */ = {isa = PBXBuildFile; fileRef = 4EF572B029214C4B00F11E4A /* ApiConfiguration.swift */; };
		4EF572B429214D4400F11E4A /* KeychainService.swift in Sources */ = {isa = PBXBuildFile; fileRef = 4EF572B329214D4400F11E4A /* KeychainService.swift */; };
		4EF572B629214DF200F11E4A /* EncodableExtensions.swift in Sources */ = {isa = PBXBuildFile; fileRef = 4EF572B529214DF200F11E4A /* EncodableExtensions.swift */; };
		4EF572B829214E0C00F11E4A /* JsonEncoder.swift in Sources */ = {isa = PBXBuildFile; fileRef = 4EF572B729214E0C00F11E4A /* JsonEncoder.swift */; };
		4EF572BA29214E2900F11E4A /* isoDateFormatter.swift in Sources */ = {isa = PBXBuildFile; fileRef = 4EF572B929214E2900F11E4A /* isoDateFormatter.swift */; };
		4EF572BC29214E8D00F11E4A /* ApiError.swift in Sources */ = {isa = PBXBuildFile; fileRef = 4EF572BB29214E8D00F11E4A /* ApiError.swift */; };
		4EF572BE2921511D00F11E4A /* JsonDateFormatter.swift in Sources */ = {isa = PBXBuildFile; fileRef = 4EF572BD2921511D00F11E4A /* JsonDateFormatter.swift */; };
		4EF572C0292154BF00F11E4A /* ErrorMessage.swift in Sources */ = {isa = PBXBuildFile; fileRef = 4EF572BF292154BF00F11E4A /* ErrorMessage.swift */; };
		4EF572C229215D5300F11E4A /* WebViewComponent.swift in Sources */ = {isa = PBXBuildFile; fileRef = 4EF572C129215D5300F11E4A /* WebViewComponent.swift */; };
		4EF572C42921620200F11E4A /* SignUpDto.swift in Sources */ = {isa = PBXBuildFile; fileRef = 4EF572C32921620200F11E4A /* SignUpDto.swift */; };
		4EF572C6292168B400F11E4A /* Message.swift in Sources */ = {isa = PBXBuildFile; fileRef = 4EF572C5292168B400F11E4A /* Message.swift */; };
		4EFC7435291AE32D0086A6AB /* JumbotronComponent.swift in Sources */ = {isa = PBXBuildFile; fileRef = 4EFC7434291AE32D0086A6AB /* JumbotronComponent.swift */; };
		4EFC7437291AE6C00086A6AB /* MainViewModel.swift in Sources */ = {isa = PBXBuildFile; fileRef = 4EFC7436291AE6C00086A6AB /* MainViewModel.swift */; };
		4EFC743A291AEA6F0086A6AB /* SignUpViewModel.swift in Sources */ = {isa = PBXBuildFile; fileRef = 4EFC7439291AEA6F0086A6AB /* SignUpViewModel.swift */; };
		4EFC743C291AF64C0086A6AB /* SelectComponent.swift in Sources */ = {isa = PBXBuildFile; fileRef = 4EFC743B291AF64C0086A6AB /* SelectComponent.swift */; };
		4EFC743E291AF6920086A6AB /* WeightUnits.swift in Sources */ = {isa = PBXBuildFile; fileRef = 4EFC743D291AF6920086A6AB /* WeightUnits.swift */; };
		4EFC7441291B06920086A6AB /* DashboardView.swift in Sources */ = {isa = PBXBuildFile; fileRef = 4EFC7440291B06920086A6AB /* DashboardView.swift */; };
		4EFC7447291B0B990086A6AB /* MyPets.swift in Sources */ = {isa = PBXBuildFile; fileRef = 4EFC7446291B0B990086A6AB /* MyPets.swift */; };
		4EFC744A291B0BF20086A6AB /* PetSingle.swift in Sources */ = {isa = PBXBuildFile; fileRef = 4EFC7449291B0BF20086A6AB /* PetSingle.swift */; };
		4EFC744C291B0C310086A6AB /* PetKind.swift in Sources */ = {isa = PBXBuildFile; fileRef = 4EFC744B291B0C310086A6AB /* PetKind.swift */; };
		4EFC744E291B0C5F0086A6AB /* WeightValue.swift in Sources */ = {isa = PBXBuildFile; fileRef = 4EFC744D291B0C5F0086A6AB /* WeightValue.swift */; };
		4EFC7450291B0CE60086A6AB /* Breed.swift in Sources */ = {isa = PBXBuildFile; fileRef = 4EFC744F291B0CE60086A6AB /* Breed.swift */; };
		4EFC7452291B0E370086A6AB /* PetCardComponent.swift in Sources */ = {isa = PBXBuildFile; fileRef = 4EFC7451291B0E370086A6AB /* PetCardComponent.swift */; };
		4EFC7455291B0E4E0086A6AB /* ApiMocks.swift in Sources */ = {isa = PBXBuildFile; fileRef = 4EFC7454291B0E4E0086A6AB /* ApiMocks.swift */; };
		4EFC7458291B103F0086A6AB /* AvatarComponent.swift in Sources */ = {isa = PBXBuildFile; fileRef = 4EFC7457291B103F0086A6AB /* AvatarComponent.swift */; };
		4EFC745B291B1A370086A6AB /* DateExtensions.swift in Sources */ = {isa = PBXBuildFile; fileRef = 4EFC745A291B1A370086A6AB /* DateExtensions.swift */; };
		4EFC745D291B1A630086A6AB /* DateFormatter.swift in Sources */ = {isa = PBXBuildFile; fileRef = 4EFC745C291B1A630086A6AB /* DateFormatter.swift */; };
		4EFC745F291B1ACD0086A6AB /* TimeInterval.swift in Sources */ = {isa = PBXBuildFile; fileRef = 4EFC745E291B1ACD0086A6AB /* TimeInterval.swift */; };
		4EFC7461291B1AE60086A6AB /* TimeInvervalFormatter.swift in Sources */ = {isa = PBXBuildFile; fileRef = 4EFC7460291B1AE60086A6AB /* TimeInvervalFormatter.swift */; };
		4EFC7466291C3F990086A6AB /* PetForm.swift in Sources */ = {isa = PBXBuildFile; fileRef = 4EFC7465291C3F990086A6AB /* PetForm.swift */; };
		4EFC7468291C403C0086A6AB /* PetFormViewModel.swift in Sources */ = {isa = PBXBuildFile; fileRef = 4EFC7467291C403C0086A6AB /* PetFormViewModel.swift */; };
		4EFC746A291C43B00086A6AB /* SelectSearchComponent.swift in Sources */ = {isa = PBXBuildFile; fileRef = 4EFC7469291C43B00086A6AB /* SelectSearchComponent.swift */; };
		4EFC746C291C53E70086A6AB /* SequenceTypeExtensions.swift in Sources */ = {isa = PBXBuildFile; fileRef = 4EFC746B291C53E70086A6AB /* SequenceTypeExtensions.swift */; };
		4EFC746E291C76660086A6AB /* DashboardSingleView.swift in Sources */ = {isa = PBXBuildFile; fileRef = 4EFC746D291C76660086A6AB /* DashboardSingleView.swift */; };
		4EFC7470291C76FD0086A6AB /* CardComponent.swift in Sources */ = {isa = PBXBuildFile; fileRef = 4EFC746F291C76FD0086A6AB /* CardComponent.swift */; };
		4EFC7473291C83B10086A6AB /* PetDto.swift in Sources */ = {isa = PBXBuildFile; fileRef = 4EFC7472291C83B10086A6AB /* PetDto.swift */; };
		4EFC7475291C85AB0086A6AB /* InputDateComponent.swift in Sources */ = {isa = PBXBuildFile; fileRef = 4EFC7474291C85AB0086A6AB /* InputDateComponent.swift */; };
		4EFC7477291D8CC60086A6AB /* DashboardWeightsView.swift in Sources */ = {isa = PBXBuildFile; fileRef = 4EFC7476291D8CC60086A6AB /* DashboardWeightsView.swift */; };
		4EFC7479291D8D0E0086A6AB /* DashboardWeightViewModel.swift in Sources */ = {isa = PBXBuildFile; fileRef = 4EFC7478291D8D0E0086A6AB /* DashboardWeightViewModel.swift */; };
		4EFC747D291D9AE50086A6AB /* SummaryComponent.swift in Sources */ = {isa = PBXBuildFile; fileRef = 4EFC747C291D9AE50086A6AB /* SummaryComponent.swift */; };
		4EFC747F291D9B100086A6AB /* NumberExtensions.swift in Sources */ = {isa = PBXBuildFile; fileRef = 4EFC747E291D9B100086A6AB /* NumberExtensions.swift */; };
		4EFC7481291D9B3C0086A6AB /* DateIntervalExtensions.swift in Sources */ = {isa = PBXBuildFile; fileRef = 4EFC7480291D9B3C0086A6AB /* DateIntervalExtensions.swift */; };
		4EFC7483291D9B5A0086A6AB /* DateIntervalFormatter.swift in Sources */ = {isa = PBXBuildFile; fileRef = 4EFC7482291D9B5A0086A6AB /* DateIntervalFormatter.swift */; };
		4EFC7485291DA4F90086A6AB /* WeightForm.swift in Sources */ = {isa = PBXBuildFile; fileRef = 4EFC7484291DA4F90086A6AB /* WeightForm.swift */; };
		4EFC7487291DA5040086A6AB /* WeightFormViewModel.swift in Sources */ = {isa = PBXBuildFile; fileRef = 4EFC7486291DA5040086A6AB /* WeightFormViewModel.swift */; };
		4EFC7489291DA75C0086A6AB /* WeightDto.swift in Sources */ = {isa = PBXBuildFile; fileRef = 4EFC7488291DA75C0086A6AB /* WeightDto.swift */; };
		5A5B64933940BF9FA99F7785 /* Pods_Wolfie_WolfieUITests.framework in Frameworks */ = {isa = PBXBuildFile; fileRef = 386429BF285A0850E511C6CE /* Pods_Wolfie_WolfieUITests.framework */; };
		99FB6251CB87AB011D4A34AB /* Pods_WolfieTests.framework in Frameworks */ = {isa = PBXBuildFile; fileRef = 6DBB399146447508763BB66F /* Pods_WolfieTests.framework */; };
		AA0B70C3838D2D1041BB2F5C /* Pods_Wolfie.framework in Frameworks */ = {isa = PBXBuildFile; fileRef = BE453118ECAA8D8079CE24CF /* Pods_Wolfie.framework */; };
/* End PBXBuildFile section */

/* Begin PBXContainerItemProxy section */
		4E24B6EF29147D7700405D06 /* PBXContainerItemProxy */ = {
			isa = PBXContainerItemProxy;
			containerPortal = 4E24B6D129147D7600405D06 /* Project object */;
			proxyType = 1;
			remoteGlobalIDString = 4E24B6D829147D7600405D06;
			remoteInfo = Wolfie;
		};
		4E24B6F929147D7700405D06 /* PBXContainerItemProxy */ = {
			isa = PBXContainerItemProxy;
			containerPortal = 4E24B6D129147D7600405D06 /* Project object */;
			proxyType = 1;
			remoteGlobalIDString = 4E24B6D829147D7600405D06;
			remoteInfo = Wolfie;
		};
/* End PBXContainerItemProxy section */

/* Begin PBXFileReference section */
		386429BF285A0850E511C6CE /* Pods_Wolfie_WolfieUITests.framework */ = {isa = PBXFileReference; explicitFileType = wrapper.framework; includeInIndex = 0; path = Pods_Wolfie_WolfieUITests.framework; sourceTree = BUILT_PRODUCTS_DIR; };
		4E24B6D929147D7600405D06 /* Wolfie.app */ = {isa = PBXFileReference; explicitFileType = wrapper.application; includeInIndex = 0; path = Wolfie.app; sourceTree = BUILT_PRODUCTS_DIR; };
		4E24B6DC29147D7600405D06 /* WolfieApp.swift */ = {isa = PBXFileReference; lastKnownFileType = sourcecode.swift; path = WolfieApp.swift; sourceTree = "<group>"; };
		4E24B6DE29147D7600405D06 /* ContentView.swift */ = {isa = PBXFileReference; lastKnownFileType = sourcecode.swift; path = ContentView.swift; sourceTree = "<group>"; };
		4E24B6E029147D7700405D06 /* Assets.xcassets */ = {isa = PBXFileReference; lastKnownFileType = folder.assetcatalog; path = Assets.xcassets; sourceTree = "<group>"; };
		4E24B6E329147D7700405D06 /* Preview Assets.xcassets */ = {isa = PBXFileReference; lastKnownFileType = folder.assetcatalog; path = "Preview Assets.xcassets"; sourceTree = "<group>"; };
		4E24B6E529147D7700405D06 /* Persistence.swift */ = {isa = PBXFileReference; lastKnownFileType = sourcecode.swift; path = Persistence.swift; sourceTree = "<group>"; };
		4E24B6E829147D7700405D06 /* Wolfie.xcdatamodel */ = {isa = PBXFileReference; lastKnownFileType = wrapper.xcdatamodel; path = Wolfie.xcdatamodel; sourceTree = "<group>"; };
		4E24B6EE29147D7700405D06 /* WolfieTests.xctest */ = {isa = PBXFileReference; explicitFileType = wrapper.cfbundle; includeInIndex = 0; path = WolfieTests.xctest; sourceTree = BUILT_PRODUCTS_DIR; };
		4E24B6F229147D7700405D06 /* WolfieTests.swift */ = {isa = PBXFileReference; lastKnownFileType = sourcecode.swift; path = WolfieTests.swift; sourceTree = "<group>"; };
		4E24B6F829147D7700405D06 /* WolfieUITests.xctest */ = {isa = PBXFileReference; explicitFileType = wrapper.cfbundle; includeInIndex = 0; path = WolfieUITests.xctest; sourceTree = BUILT_PRODUCTS_DIR; };
		4E24B6FC29147D7700405D06 /* WolfieUITests.swift */ = {isa = PBXFileReference; lastKnownFileType = sourcecode.swift; path = WolfieUITests.swift; sourceTree = "<group>"; };
		4E24B6FE29147D7700405D06 /* WolfieUITestsLaunchTests.swift */ = {isa = PBXFileReference; lastKnownFileType = sourcecode.swift; path = WolfieUITestsLaunchTests.swift; sourceTree = "<group>"; };
		4E51E583291EFC750007887B /* HealthLogView.swift */ = {isa = PBXFileReference; lastKnownFileType = sourcecode.swift; path = HealthLogView.swift; sourceTree = "<group>"; };
		4E51E585291EFC820007887B /* HealthLogViewModel.swift */ = {isa = PBXFileReference; lastKnownFileType = sourcecode.swift; path = HealthLogViewModel.swift; sourceTree = "<group>"; };
		4E51E587291EFCCF0007887B /* HealthLogValue.swift */ = {isa = PBXFileReference; lastKnownFileType = sourcecode.swift; path = HealthLogValue.swift; sourceTree = "<group>"; };
		4E51E589291EFD180007887B /* HealthLogKind.swift */ = {isa = PBXFileReference; lastKnownFileType = sourcecode.swift; path = HealthLogKind.swift; sourceTree = "<group>"; };
		4E51E58B291EFDA10007887B /* MedicineValue.swift */ = {isa = PBXFileReference; lastKnownFileType = sourcecode.swift; path = MedicineValue.swift; sourceTree = "<group>"; };
		4E51E58D291EFE440007887B /* User.swift */ = {isa = PBXFileReference; lastKnownFileType = sourcecode.swift; path = User.swift; sourceTree = "<group>"; };
		4E51E58F291F01F80007887B /* StringExtensions.swift */ = {isa = PBXFileReference; lastKnownFileType = sourcecode.swift; path = StringExtensions.swift; sourceTree = "<group>"; };
		4E51E593291F08780007887B /* HealthLogSingleView.swift */ = {isa = PBXFileReference; lastKnownFileType = sourcecode.swift; path = HealthLogSingleView.swift; sourceTree = "<group>"; };
		4E51E595291F089D0007887B /* HealthLogSingleViewModel.swift */ = {isa = PBXFileReference; lastKnownFileType = sourcecode.swift; path = HealthLogSingleViewModel.swift; sourceTree = "<group>"; };
		4E51E597291F122C0007887B /* HealthLogForm.swift */ = {isa = PBXFileReference; lastKnownFileType = sourcecode.swift; path = HealthLogForm.swift; sourceTree = "<group>"; };
		4E51E599291F12370007887B /* HealthLogFormViewModel.swift */ = {isa = PBXFileReference; lastKnownFileType = sourcecode.swift; path = HealthLogFormViewModel.swift; sourceTree = "<group>"; };
		4E51E59B291F22480007887B /* MultiSelectSearch.swift */ = {isa = PBXFileReference; lastKnownFileType = sourcecode.swift; path = MultiSelectSearch.swift; sourceTree = "<group>"; };
		4E51E5A2291F29D60007887B /* ProfileView.swift */ = {isa = PBXFileReference; lastKnownFileType = sourcecode.swift; path = ProfileView.swift; sourceTree = "<group>"; };
		4E51E5A4291F29E20007887B /* ProfileViewModel.swift */ = {isa = PBXFileReference; lastKnownFileType = sourcecode.swift; path = ProfileViewModel.swift; sourceTree = "<group>"; };
		4E51E5A6291F2B0B0007887B /* RefreshToken.swift */ = {isa = PBXFileReference; lastKnownFileType = sourcecode.swift; path = RefreshToken.swift; sourceTree = "<group>"; };
		4E51E5A8291F2DB20007887B /* Config.swift */ = {isa = PBXFileReference; lastKnownFileType = sourcecode.swift; path = Config.swift; sourceTree = "<group>"; };
		4E51E5AA291F2DE00007887B /* UserRoles.swift */ = {isa = PBXFileReference; lastKnownFileType = sourcecode.swift; path = UserRoles.swift; sourceTree = "<group>"; };
		4E51E5AF291F35A10007887B /* WebView.swift */ = {isa = PBXFileReference; lastKnownFileType = sourcecode.swift; path = WebView.swift; sourceTree = "<group>"; };
		4E794649291AD3FC000C356C /* InputComponent.swift */ = {isa = PBXFileReference; lastKnownFileType = sourcecode.swift; path = InputComponent.swift; sourceTree = "<group>"; };
		4E79464B291AD58F000C356C /* SignInViewModel.swift */ = {isa = PBXFileReference; lastKnownFileType = sourcecode.swift; path = SignInViewModel.swift; sourceTree = "<group>"; };
		4E794650291AE000000C356C /* CheckboxComponent.swift */ = {isa = PBXFileReference; lastKnownFileType = sourcecode.swift; path = CheckboxComponent.swift; sourceTree = "<group>"; };
		4E8B68AD29201D9900A0BBE1 /* RealmManager.swift */ = {isa = PBXFileReference; lastKnownFileType = sourcecode.swift; path = RealmManager.swift; sourceTree = "<group>"; };
		4E8B68B029201E5F00A0BBE1 /* Test.swift */ = {isa = PBXFileReference; lastKnownFileType = sourcecode.swift; path = Test.swift; sourceTree = "<group>"; };
		4E8B68B329201F7100A0BBE1 /* RealmPlayground.swift */ = {isa = PBXFileReference; lastKnownFileType = sourcecode.swift; path = RealmPlayground.swift; sourceTree = "<group>"; };
		4E8B68B52920298B00A0BBE1 /* Config.xcconfig */ = {isa = PBXFileReference; lastKnownFileType = text.xcconfig; path = Config.xcconfig; sourceTree = "<group>"; };
		4E8B68B6292029A400A0BBE1 /* ConfigExample.xcconfig */ = {isa = PBXFileReference; lastKnownFileType = text.xcconfig; path = ConfigExample.xcconfig; sourceTree = "<group>"; };
		4E8B68B929202ADC00A0BBE1 /* SentryLog.swift */ = {isa = PBXFileReference; lastKnownFileType = sourcecode.swift; path = SentryLog.swift; sourceTree = "<group>"; };
		4E8B68BB29202DF700A0BBE1 /* ConfigDebug.xcconfig */ = {isa = PBXFileReference; lastKnownFileType = text.xcconfig; path = ConfigDebug.xcconfig; sourceTree = "<group>"; };
		4E8B68BC29202E2600A0BBE1 /* ConfigDebugExample.xcconfig */ = {isa = PBXFileReference; lastKnownFileType = text.xcconfig; path = ConfigDebugExample.xcconfig; sourceTree = "<group>"; };
		4E8B68BD292032E300A0BBE1 /* PetDB.swift */ = {isa = PBXFileReference; lastKnownFileType = sourcecode.swift; path = PetDB.swift; sourceTree = "<group>"; };
		4E8B68BF2920349100A0BBE1 /* WeightValueDB.swift */ = {isa = PBXFileReference; lastKnownFileType = sourcecode.swift; path = WeightValueDB.swift; sourceTree = "<group>"; };
		4E8B68C1292034EA00A0BBE1 /* BreedDB.swift */ = {isa = PBXFileReference; lastKnownFileType = sourcecode.swift; path = BreedDB.swift; sourceTree = "<group>"; };
		4EE651AF291971EA007F115A /* MainView.swift */ = {isa = PBXFileReference; lastKnownFileType = sourcecode.swift; path = MainView.swift; sourceTree = "<group>"; };
		4EE651B22919724A007F115A /* MainDevView.swift */ = {isa = PBXFileReference; lastKnownFileType = sourcecode.swift; path = MainDevView.swift; sourceTree = "<group>"; };
		4EE651B52919734F007F115A /* ButtonComponent.swift */ = {isa = PBXFileReference; lastKnownFileType = sourcecode.swift; path = ButtonComponent.swift; sourceTree = "<group>"; };
		4EE651B82919769D007F115A /* GuestView.swift */ = {isa = PBXFileReference; lastKnownFileType = sourcecode.swift; path = GuestView.swift; sourceTree = "<group>"; };
		4EE651BD291978E6007F115A /* en */ = {isa = PBXFileReference; lastKnownFileType = text.plist.strings; name = en; path = en.lproj/Localizable.strings; sourceTree = "<group>"; };
		4EE651BF291978EA007F115A /* pl */ = {isa = PBXFileReference; lastKnownFileType = text.plist.strings; name = pl; path = pl.lproj/Localizable.strings; sourceTree = "<group>"; };
		4EE651C029197D2E007F115A /* AppViews.swift */ = {isa = PBXFileReference; lastKnownFileType = sourcecode.swift; path = AppViews.swift; sourceTree = "<group>"; };
		4EE651C22919BF82007F115A /* SignInView.swift */ = {isa = PBXFileReference; lastKnownFileType = sourcecode.swift; path = SignInView.swift; sourceTree = "<group>"; };
		4EE651C42919BF8A007F115A /* SignUpView.swift */ = {isa = PBXFileReference; lastKnownFileType = sourcecode.swift; path = SignUpView.swift; sourceTree = "<group>"; };
		4EE651C92919D310007F115A /* ShakeGestureManager.swift */ = {isa = PBXFileReference; lastKnownFileType = sourcecode.swift; path = ShakeGestureManager.swift; sourceTree = "<group>"; };
		4EF572A829214AA500F11E4A /* ApiService.swift */ = {isa = PBXFileReference; lastKnownFileType = sourcecode.swift; path = ApiService.swift; sourceTree = "<group>"; };
		4EF572AA29214B7500F11E4A /* SignInDto.swift */ = {isa = PBXFileReference; lastKnownFileType = sourcecode.swift; path = SignInDto.swift; sourceTree = "<group>"; };
		4EF572AC29214BBC00F11E4A /* SignIn.swift */ = {isa = PBXFileReference; lastKnownFileType = sourcecode.swift; path = SignIn.swift; sourceTree = "<group>"; };
		4EF572AE29214C3E00F11E4A /* ApiRouter.swift */ = {isa = PBXFileReference; lastKnownFileType = sourcecode.swift; path = ApiRouter.swift; sourceTree = "<group>"; };
		4EF572B029214C4B00F11E4A /* ApiConfiguration.swift */ = {isa = PBXFileReference; lastKnownFileType = sourcecode.swift; path = ApiConfiguration.swift; sourceTree = "<group>"; };
		4EF572B329214D4400F11E4A /* KeychainService.swift */ = {isa = PBXFileReference; lastKnownFileType = sourcecode.swift; path = KeychainService.swift; sourceTree = "<group>"; };
		4EF572B529214DF200F11E4A /* EncodableExtensions.swift */ = {isa = PBXFileReference; lastKnownFileType = sourcecode.swift; path = EncodableExtensions.swift; sourceTree = "<group>"; };
		4EF572B729214E0C00F11E4A /* JsonEncoder.swift */ = {isa = PBXFileReference; lastKnownFileType = sourcecode.swift; path = JsonEncoder.swift; sourceTree = "<group>"; };
		4EF572B929214E2900F11E4A /* isoDateFormatter.swift */ = {isa = PBXFileReference; lastKnownFileType = sourcecode.swift; path = isoDateFormatter.swift; sourceTree = "<group>"; };
		4EF572BB29214E8D00F11E4A /* ApiError.swift */ = {isa = PBXFileReference; lastKnownFileType = sourcecode.swift; path = ApiError.swift; sourceTree = "<group>"; };
		4EF572BD2921511D00F11E4A /* JsonDateFormatter.swift */ = {isa = PBXFileReference; lastKnownFileType = sourcecode.swift; path = JsonDateFormatter.swift; sourceTree = "<group>"; };
		4EF572BF292154BF00F11E4A /* ErrorMessage.swift */ = {isa = PBXFileReference; lastKnownFileType = sourcecode.swift; path = ErrorMessage.swift; sourceTree = "<group>"; };
		4EF572C129215D5300F11E4A /* WebViewComponent.swift */ = {isa = PBXFileReference; lastKnownFileType = sourcecode.swift; path = WebViewComponent.swift; sourceTree = "<group>"; };
		4EF572C32921620200F11E4A /* SignUpDto.swift */ = {isa = PBXFileReference; lastKnownFileType = sourcecode.swift; path = SignUpDto.swift; sourceTree = "<group>"; };
		4EF572C5292168B400F11E4A /* Message.swift */ = {isa = PBXFileReference; lastKnownFileType = sourcecode.swift; path = Message.swift; sourceTree = "<group>"; };
		4EFC7434291AE32D0086A6AB /* JumbotronComponent.swift */ = {isa = PBXFileReference; lastKnownFileType = sourcecode.swift; path = JumbotronComponent.swift; sourceTree = "<group>"; };
		4EFC7436291AE6C00086A6AB /* MainViewModel.swift */ = {isa = PBXFileReference; lastKnownFileType = sourcecode.swift; path = MainViewModel.swift; sourceTree = "<group>"; };
		4EFC7439291AEA6F0086A6AB /* SignUpViewModel.swift */ = {isa = PBXFileReference; lastKnownFileType = sourcecode.swift; path = SignUpViewModel.swift; sourceTree = "<group>"; };
		4EFC743B291AF64C0086A6AB /* SelectComponent.swift */ = {isa = PBXFileReference; lastKnownFileType = sourcecode.swift; path = SelectComponent.swift; sourceTree = "<group>"; };
		4EFC743D291AF6920086A6AB /* WeightUnits.swift */ = {isa = PBXFileReference; lastKnownFileType = sourcecode.swift; path = WeightUnits.swift; sourceTree = "<group>"; };
		4EFC7440291B06920086A6AB /* DashboardView.swift */ = {isa = PBXFileReference; lastKnownFileType = sourcecode.swift; path = DashboardView.swift; sourceTree = "<group>"; };
		4EFC7446291B0B990086A6AB /* MyPets.swift */ = {isa = PBXFileReference; lastKnownFileType = sourcecode.swift; path = MyPets.swift; sourceTree = "<group>"; };
		4EFC7449291B0BF20086A6AB /* PetSingle.swift */ = {isa = PBXFileReference; lastKnownFileType = sourcecode.swift; path = PetSingle.swift; sourceTree = "<group>"; };
		4EFC744B291B0C310086A6AB /* PetKind.swift */ = {isa = PBXFileReference; lastKnownFileType = sourcecode.swift; path = PetKind.swift; sourceTree = "<group>"; };
		4EFC744D291B0C5F0086A6AB /* WeightValue.swift */ = {isa = PBXFileReference; lastKnownFileType = sourcecode.swift; path = WeightValue.swift; sourceTree = "<group>"; };
		4EFC744F291B0CE60086A6AB /* Breed.swift */ = {isa = PBXFileReference; lastKnownFileType = sourcecode.swift; path = Breed.swift; sourceTree = "<group>"; };
		4EFC7451291B0E370086A6AB /* PetCardComponent.swift */ = {isa = PBXFileReference; lastKnownFileType = sourcecode.swift; path = PetCardComponent.swift; sourceTree = "<group>"; };
		4EFC7454291B0E4E0086A6AB /* ApiMocks.swift */ = {isa = PBXFileReference; lastKnownFileType = sourcecode.swift; path = ApiMocks.swift; sourceTree = "<group>"; };
		4EFC7456291B0F0A0086A6AB /* Info.plist */ = {isa = PBXFileReference; lastKnownFileType = text.plist; path = Info.plist; sourceTree = "<group>"; };
		4EFC7457291B103F0086A6AB /* AvatarComponent.swift */ = {isa = PBXFileReference; lastKnownFileType = sourcecode.swift; path = AvatarComponent.swift; sourceTree = "<group>"; };
		4EFC745A291B1A370086A6AB /* DateExtensions.swift */ = {isa = PBXFileReference; lastKnownFileType = sourcecode.swift; path = DateExtensions.swift; sourceTree = "<group>"; };
		4EFC745C291B1A630086A6AB /* DateFormatter.swift */ = {isa = PBXFileReference; lastKnownFileType = sourcecode.swift; path = DateFormatter.swift; sourceTree = "<group>"; };
		4EFC745E291B1ACD0086A6AB /* TimeInterval.swift */ = {isa = PBXFileReference; lastKnownFileType = sourcecode.swift; path = TimeInterval.swift; sourceTree = "<group>"; };
		4EFC7460291B1AE60086A6AB /* TimeInvervalFormatter.swift */ = {isa = PBXFileReference; lastKnownFileType = sourcecode.swift; path = TimeInvervalFormatter.swift; sourceTree = "<group>"; };
		4EFC7465291C3F990086A6AB /* PetForm.swift */ = {isa = PBXFileReference; lastKnownFileType = sourcecode.swift; path = PetForm.swift; sourceTree = "<group>"; };
		4EFC7467291C403C0086A6AB /* PetFormViewModel.swift */ = {isa = PBXFileReference; lastKnownFileType = sourcecode.swift; path = PetFormViewModel.swift; sourceTree = "<group>"; };
		4EFC7469291C43B00086A6AB /* SelectSearchComponent.swift */ = {isa = PBXFileReference; lastKnownFileType = sourcecode.swift; path = SelectSearchComponent.swift; sourceTree = "<group>"; };
		4EFC746B291C53E70086A6AB /* SequenceTypeExtensions.swift */ = {isa = PBXFileReference; lastKnownFileType = sourcecode.swift; path = SequenceTypeExtensions.swift; sourceTree = "<group>"; };
		4EFC746D291C76660086A6AB /* DashboardSingleView.swift */ = {isa = PBXFileReference; lastKnownFileType = sourcecode.swift; path = DashboardSingleView.swift; sourceTree = "<group>"; };
		4EFC746F291C76FD0086A6AB /* CardComponent.swift */ = {isa = PBXFileReference; lastKnownFileType = sourcecode.swift; path = CardComponent.swift; sourceTree = "<group>"; };
		4EFC7472291C83B10086A6AB /* PetDto.swift */ = {isa = PBXFileReference; lastKnownFileType = sourcecode.swift; path = PetDto.swift; sourceTree = "<group>"; };
		4EFC7474291C85AB0086A6AB /* InputDateComponent.swift */ = {isa = PBXFileReference; lastKnownFileType = sourcecode.swift; path = InputDateComponent.swift; sourceTree = "<group>"; };
		4EFC7476291D8CC60086A6AB /* DashboardWeightsView.swift */ = {isa = PBXFileReference; lastKnownFileType = sourcecode.swift; path = DashboardWeightsView.swift; sourceTree = "<group>"; };
		4EFC7478291D8D0E0086A6AB /* DashboardWeightViewModel.swift */ = {isa = PBXFileReference; lastKnownFileType = sourcecode.swift; path = DashboardWeightViewModel.swift; sourceTree = "<group>"; };
		4EFC747C291D9AE50086A6AB /* SummaryComponent.swift */ = {isa = PBXFileReference; lastKnownFileType = sourcecode.swift; path = SummaryComponent.swift; sourceTree = "<group>"; };
		4EFC747E291D9B100086A6AB /* NumberExtensions.swift */ = {isa = PBXFileReference; lastKnownFileType = sourcecode.swift; path = NumberExtensions.swift; sourceTree = "<group>"; };
		4EFC7480291D9B3C0086A6AB /* DateIntervalExtensions.swift */ = {isa = PBXFileReference; lastKnownFileType = sourcecode.swift; path = DateIntervalExtensions.swift; sourceTree = "<group>"; };
		4EFC7482291D9B5A0086A6AB /* DateIntervalFormatter.swift */ = {isa = PBXFileReference; lastKnownFileType = sourcecode.swift; path = DateIntervalFormatter.swift; sourceTree = "<group>"; };
		4EFC7484291DA4F90086A6AB /* WeightForm.swift */ = {isa = PBXFileReference; lastKnownFileType = sourcecode.swift; path = WeightForm.swift; sourceTree = "<group>"; };
		4EFC7486291DA5040086A6AB /* WeightFormViewModel.swift */ = {isa = PBXFileReference; lastKnownFileType = sourcecode.swift; path = WeightFormViewModel.swift; sourceTree = "<group>"; };
		4EFC7488291DA75C0086A6AB /* WeightDto.swift */ = {isa = PBXFileReference; lastKnownFileType = sourcecode.swift; path = WeightDto.swift; sourceTree = "<group>"; };
		6DBB399146447508763BB66F /* Pods_WolfieTests.framework */ = {isa = PBXFileReference; explicitFileType = wrapper.framework; includeInIndex = 0; path = Pods_WolfieTests.framework; sourceTree = BUILT_PRODUCTS_DIR; };
		9E145B83477B9F6DE9692BE7 /* Pods-Wolfie.release.xcconfig */ = {isa = PBXFileReference; includeInIndex = 1; lastKnownFileType = text.xcconfig; name = "Pods-Wolfie.release.xcconfig"; path = "Target Support Files/Pods-Wolfie/Pods-Wolfie.release.xcconfig"; sourceTree = "<group>"; };
		BAF54684DC61906065739B00 /* Pods-Wolfie-WolfieUITests.release.xcconfig */ = {isa = PBXFileReference; includeInIndex = 1; lastKnownFileType = text.xcconfig; name = "Pods-Wolfie-WolfieUITests.release.xcconfig"; path = "Target Support Files/Pods-Wolfie-WolfieUITests/Pods-Wolfie-WolfieUITests.release.xcconfig"; sourceTree = "<group>"; };
		BE453118ECAA8D8079CE24CF /* Pods_Wolfie.framework */ = {isa = PBXFileReference; explicitFileType = wrapper.framework; includeInIndex = 0; path = Pods_Wolfie.framework; sourceTree = BUILT_PRODUCTS_DIR; };
		CEE5F843C7CF21FB9EF2EF47 /* Pods-Wolfie.debug.xcconfig */ = {isa = PBXFileReference; includeInIndex = 1; lastKnownFileType = text.xcconfig; name = "Pods-Wolfie.debug.xcconfig"; path = "Target Support Files/Pods-Wolfie/Pods-Wolfie.debug.xcconfig"; sourceTree = "<group>"; };
		D4BFF1B1755AF614DED75A82 /* Pods-WolfieTests.release.xcconfig */ = {isa = PBXFileReference; includeInIndex = 1; lastKnownFileType = text.xcconfig; name = "Pods-WolfieTests.release.xcconfig"; path = "Target Support Files/Pods-WolfieTests/Pods-WolfieTests.release.xcconfig"; sourceTree = "<group>"; };
		E5C3C974C2CCFB47A6DAFB32 /* Pods-WolfieTests.debug.xcconfig */ = {isa = PBXFileReference; includeInIndex = 1; lastKnownFileType = text.xcconfig; name = "Pods-WolfieTests.debug.xcconfig"; path = "Target Support Files/Pods-WolfieTests/Pods-WolfieTests.debug.xcconfig"; sourceTree = "<group>"; };
		EE06FD797580D804DCA77FDC /* Pods-Wolfie-WolfieUITests.debug.xcconfig */ = {isa = PBXFileReference; includeInIndex = 1; lastKnownFileType = text.xcconfig; name = "Pods-Wolfie-WolfieUITests.debug.xcconfig"; path = "Target Support Files/Pods-Wolfie-WolfieUITests/Pods-Wolfie-WolfieUITests.debug.xcconfig"; sourceTree = "<group>"; };
/* End PBXFileReference section */

/* Begin PBXFrameworksBuildPhase section */
		4E24B6D629147D7600405D06 /* Frameworks */ = {
			isa = PBXFrameworksBuildPhase;
			buildActionMask = 2147483647;
			files = (
				AA0B70C3838D2D1041BB2F5C /* Pods_Wolfie.framework in Frameworks */,
			);
			runOnlyForDeploymentPostprocessing = 0;
		};
		4E24B6EB29147D7700405D06 /* Frameworks */ = {
			isa = PBXFrameworksBuildPhase;
			buildActionMask = 2147483647;
			files = (
				99FB6251CB87AB011D4A34AB /* Pods_WolfieTests.framework in Frameworks */,
			);
			runOnlyForDeploymentPostprocessing = 0;
		};
		4E24B6F529147D7700405D06 /* Frameworks */ = {
			isa = PBXFrameworksBuildPhase;
			buildActionMask = 2147483647;
			files = (
				5A5B64933940BF9FA99F7785 /* Pods_Wolfie_WolfieUITests.framework in Frameworks */,
			);
			runOnlyForDeploymentPostprocessing = 0;
		};
/* End PBXFrameworksBuildPhase section */

/* Begin PBXGroup section */
		16D32E8A68DE4F3D6E86FAA7 /* Pods */ = {
			isa = PBXGroup;
			children = (
				CEE5F843C7CF21FB9EF2EF47 /* Pods-Wolfie.debug.xcconfig */,
				9E145B83477B9F6DE9692BE7 /* Pods-Wolfie.release.xcconfig */,
				EE06FD797580D804DCA77FDC /* Pods-Wolfie-WolfieUITests.debug.xcconfig */,
				BAF54684DC61906065739B00 /* Pods-Wolfie-WolfieUITests.release.xcconfig */,
				E5C3C974C2CCFB47A6DAFB32 /* Pods-WolfieTests.debug.xcconfig */,
				D4BFF1B1755AF614DED75A82 /* Pods-WolfieTests.release.xcconfig */,
			);
			path = Pods;
			sourceTree = "<group>";
		};
		4E24B6D029147D7600405D06 = {
			isa = PBXGroup;
			children = (
				4E8B68BC29202E2600A0BBE1 /* ConfigDebugExample.xcconfig */,
				4E8B68B6292029A400A0BBE1 /* ConfigExample.xcconfig */,
				4E8B68BB29202DF700A0BBE1 /* ConfigDebug.xcconfig */,
				4E8B68B52920298B00A0BBE1 /* Config.xcconfig */,
				4EE651BE291978E6007F115A /* Localizable.strings */,
				4E24B6DB29147D7600405D06 /* Wolfie */,
				4E24B6F129147D7700405D06 /* WolfieTests */,
				4E24B6FB29147D7700405D06 /* WolfieUITests */,
				4E24B6DA29147D7600405D06 /* Products */,
				16D32E8A68DE4F3D6E86FAA7 /* Pods */,
				61766D039E443B97722970C0 /* Frameworks */,
			);
			sourceTree = "<group>";
		};
		4E24B6DA29147D7600405D06 /* Products */ = {
			isa = PBXGroup;
			children = (
				4E24B6D929147D7600405D06 /* Wolfie.app */,
				4E24B6EE29147D7700405D06 /* WolfieTests.xctest */,
				4E24B6F829147D7700405D06 /* WolfieUITests.xctest */,
			);
			name = Products;
			sourceTree = "<group>";
		};
		4E24B6DB29147D7600405D06 /* Wolfie */ = {
			isa = PBXGroup;
			children = (
				4EF572B229214D3900F11E4A /* Services */,
				4EF572A729214A9A00F11E4A /* Api */,
				4E8B68B229201F6500A0BBE1 /* Playground */,
				4E8B68AC29201D1500A0BBE1 /* Realm */,
				4E51E5AE291F358C0007887B /* ViewRepresentables */,
				4EFC7464291C3F900086A6AB /* Form */,
				4EFC7459291B1A2B0086A6AB /* Utils */,
				4EFC7456291B0F0A0086A6AB /* Info.plist */,
				4EFC7453291B0E430086A6AB /* Mocks */,
				4EFC7445291B0B860086A6AB /* DataDisplays */,
				4EFC7438291AE7FA0086A6AB /* Models */,
				4EE651C82919D2FE007F115A /* Gestures */,
				4EE651B429197343007F115A /* Components */,
				4EE651AD291971CD007F115A /* App */,
				4E24B6DC29147D7600405D06 /* WolfieApp.swift */,
				4E24B6DE29147D7600405D06 /* ContentView.swift */,
				4E24B6E029147D7700405D06 /* Assets.xcassets */,
				4E24B6E529147D7700405D06 /* Persistence.swift */,
				4E24B6E729147D7700405D06 /* Wolfie.xcdatamodeld */,
				4E24B6E229147D7700405D06 /* Preview Content */,
			);
			path = Wolfie;
			sourceTree = "<group>";
		};
		4E24B6E229147D7700405D06 /* Preview Content */ = {
			isa = PBXGroup;
			children = (
				4E24B6E329147D7700405D06 /* Preview Assets.xcassets */,
			);
			path = "Preview Content";
			sourceTree = "<group>";
		};
		4E24B6F129147D7700405D06 /* WolfieTests */ = {
			isa = PBXGroup;
			children = (
				4E24B6F229147D7700405D06 /* WolfieTests.swift */,
			);
			path = WolfieTests;
			sourceTree = "<group>";
		};
		4E24B6FB29147D7700405D06 /* WolfieUITests */ = {
			isa = PBXGroup;
			children = (
				4E24B6FC29147D7700405D06 /* WolfieUITests.swift */,
				4E24B6FE29147D7700405D06 /* WolfieUITestsLaunchTests.swift */,
			);
			path = WolfieUITests;
			sourceTree = "<group>";
		};
		4E51E591291F08560007887B /* HealthLog */ = {
			isa = PBXGroup;
			children = (
				4E51E583291EFC750007887B /* HealthLogView.swift */,
				4E51E585291EFC820007887B /* HealthLogViewModel.swift */,
				4E51E593291F08780007887B /* HealthLogSingleView.swift */,
				4E51E595291F089D0007887B /* HealthLogSingleViewModel.swift */,
			);
			path = HealthLog;
			sourceTree = "<group>";
		};
		4E51E592291F08620007887B /* WeightView */ = {
			isa = PBXGroup;
			children = (
				4EFC7476291D8CC60086A6AB /* DashboardWeightsView.swift */,
				4EFC7478291D8D0E0086A6AB /* DashboardWeightViewModel.swift */,
			);
			path = WeightView;
			sourceTree = "<group>";
		};
		4E51E5A1291F29C60007887B /* ProfileView */ = {
			isa = PBXGroup;
			children = (
				4E51E5A2291F29D60007887B /* ProfileView.swift */,
				4E51E5A4291F29E20007887B /* ProfileViewModel.swift */,
			);
			path = ProfileView;
			sourceTree = "<group>";
		};
		4E51E5AE291F358C0007887B /* ViewRepresentables */ = {
			isa = PBXGroup;
			children = (
				4E51E5AF291F35A10007887B /* WebView.swift */,
			);
			path = ViewRepresentables;
			sourceTree = "<group>";
		};
		4E8B68AC29201D1500A0BBE1 /* Realm */ = {
			isa = PBXGroup;
			children = (
				4E8B68AF29201E4B00A0BBE1 /* Models */,
				4E8B68AD29201D9900A0BBE1 /* RealmManager.swift */,
			);
			path = Realm;
			sourceTree = "<group>";
		};
		4E8B68AF29201E4B00A0BBE1 /* Models */ = {
			isa = PBXGroup;
			children = (
				4E8B68B029201E5F00A0BBE1 /* Test.swift */,
				4E8B68BD292032E300A0BBE1 /* PetDB.swift */,
				4E8B68BF2920349100A0BBE1 /* WeightValueDB.swift */,
				4E8B68C1292034EA00A0BBE1 /* BreedDB.swift */,
			);
			path = Models;
			sourceTree = "<group>";
		};
		4E8B68B229201F6500A0BBE1 /* Playground */ = {
			isa = PBXGroup;
			children = (
				4E8B68B329201F7100A0BBE1 /* RealmPlayground.swift */,
			);
			path = Playground;
			sourceTree = "<group>";
		};
		4EE651AD291971CD007F115A /* App */ = {
			isa = PBXGroup;
			children = (
				4E51E5A1291F29C60007887B /* ProfileView */,
				4EFC743F291B06830086A6AB /* DashboardView */,
				4EE651B729197691007F115A /* GuestView */,
				4EE651B129197234007F115A /* MainDev */,
				4EE651AE291971D7007F115A /* Main */,
			);
			path = App;
			sourceTree = "<group>";
		};
		4EE651AE291971D7007F115A /* Main */ = {
			isa = PBXGroup;
			children = (
				4EE651AF291971EA007F115A /* MainView.swift */,
				4EFC7436291AE6C00086A6AB /* MainViewModel.swift */,
			);
			path = Main;
			sourceTree = "<group>";
		};
		4EE651B129197234007F115A /* MainDev */ = {
			isa = PBXGroup;
			children = (
				4EE651B22919724A007F115A /* MainDevView.swift */,
			);
			path = MainDev;
			sourceTree = "<group>";
		};
		4EE651B429197343007F115A /* Components */ = {
			isa = PBXGroup;
			children = (
				4EE651B52919734F007F115A /* ButtonComponent.swift */,
				4E794649291AD3FC000C356C /* InputComponent.swift */,
				4E794650291AE000000C356C /* CheckboxComponent.swift */,
				4EFC7434291AE32D0086A6AB /* JumbotronComponent.swift */,
				4EFC743B291AF64C0086A6AB /* SelectComponent.swift */,
				4EFC7451291B0E370086A6AB /* PetCardComponent.swift */,
				4EFC7457291B103F0086A6AB /* AvatarComponent.swift */,
				4EFC7469291C43B00086A6AB /* SelectSearchComponent.swift */,
				4EFC746F291C76FD0086A6AB /* CardComponent.swift */,
				4EFC7474291C85AB0086A6AB /* InputDateComponent.swift */,
				4EFC747C291D9AE50086A6AB /* SummaryComponent.swift */,
				4E51E59B291F22480007887B /* MultiSelectSearch.swift */,
				4EF572C129215D5300F11E4A /* WebViewComponent.swift */,
			);
			path = Components;
			sourceTree = "<group>";
		};
		4EE651B729197691007F115A /* GuestView */ = {
			isa = PBXGroup;
			children = (
				4EE651B82919769D007F115A /* GuestView.swift */,
				4EE651C22919BF82007F115A /* SignInView.swift */,
				4E79464B291AD58F000C356C /* SignInViewModel.swift */,
				4EE651C42919BF8A007F115A /* SignUpView.swift */,
				4EFC7439291AEA6F0086A6AB /* SignUpViewModel.swift */,
			);
			path = GuestView;
			sourceTree = "<group>";
		};
		4EE651C82919D2FE007F115A /* Gestures */ = {
			isa = PBXGroup;
			children = (
				4EE651C92919D310007F115A /* ShakeGestureManager.swift */,
			);
			path = Gestures;
			sourceTree = "<group>";
		};
		4EF572A729214A9A00F11E4A /* Api */ = {
			isa = PBXGroup;
			children = (
				4EF572A829214AA500F11E4A /* ApiService.swift */,
				4EF572AE29214C3E00F11E4A /* ApiRouter.swift */,
				4EF572B029214C4B00F11E4A /* ApiConfiguration.swift */,
				4EF572BB29214E8D00F11E4A /* ApiError.swift */,
			);
			path = Api;
			sourceTree = "<group>";
		};
		4EF572B229214D3900F11E4A /* Services */ = {
			isa = PBXGroup;
			children = (
				4EF572B329214D4400F11E4A /* KeychainService.swift */,
			);
			path = Services;
			sourceTree = "<group>";
		};
		4EFC7438291AE7FA0086A6AB /* Models */ = {
			isa = PBXGroup;
			children = (
				4EFC7448291B0BD00086A6AB /* Api */,
				4EFC7471291C839A0086A6AB /* Dto */,
				4EE651C029197D2E007F115A /* AppViews.swift */,
				4EFC743D291AF6920086A6AB /* WeightUnits.swift */,
				4EFC744B291B0C310086A6AB /* PetKind.swift */,
				4E51E589291EFD180007887B /* HealthLogKind.swift */,
				4E51E5AA291F2DE00007887B /* UserRoles.swift */,
			);
			path = Models;
			sourceTree = "<group>";
		};
		4EFC743F291B06830086A6AB /* DashboardView */ = {
			isa = PBXGroup;
			children = (
				4E51E592291F08620007887B /* WeightView */,
				4E51E591291F08560007887B /* HealthLog */,
				4EFC7440291B06920086A6AB /* DashboardView.swift */,
				4EFC746D291C76660086A6AB /* DashboardSingleView.swift */,
			);
			path = DashboardView;
			sourceTree = "<group>";
		};
		4EFC7445291B0B860086A6AB /* DataDisplays */ = {
			isa = PBXGroup;
			children = (
				4EFC7446291B0B990086A6AB /* MyPets.swift */,
			);
			path = DataDisplays;
			sourceTree = "<group>";
		};
		4EFC7448291B0BD00086A6AB /* Api */ = {
			isa = PBXGroup;
			children = (
				4EFC7449291B0BF20086A6AB /* PetSingle.swift */,
				4EFC744D291B0C5F0086A6AB /* WeightValue.swift */,
				4EFC744F291B0CE60086A6AB /* Breed.swift */,
				4E51E587291EFCCF0007887B /* HealthLogValue.swift */,
				4E51E58B291EFDA10007887B /* MedicineValue.swift */,
				4E51E58D291EFE440007887B /* User.swift */,
				4E51E5A6291F2B0B0007887B /* RefreshToken.swift */,
				4E51E5A8291F2DB20007887B /* Config.swift */,
				4EF572AC29214BBC00F11E4A /* SignIn.swift */,
				4EF572BF292154BF00F11E4A /* ErrorMessage.swift */,
				4EF572C5292168B400F11E4A /* Message.swift */,
			);
			path = Api;
			sourceTree = "<group>";
		};
		4EFC7453291B0E430086A6AB /* Mocks */ = {
			isa = PBXGroup;
			children = (
				4EFC7454291B0E4E0086A6AB /* ApiMocks.swift */,
			);
			path = Mocks;
			sourceTree = "<group>";
		};
		4EFC7459291B1A2B0086A6AB /* Utils */ = {
			isa = PBXGroup;
			children = (
				4EFC745A291B1A370086A6AB /* DateExtensions.swift */,
				4EFC745C291B1A630086A6AB /* DateFormatter.swift */,
				4EFC745E291B1ACD0086A6AB /* TimeInterval.swift */,
				4EFC7460291B1AE60086A6AB /* TimeInvervalFormatter.swift */,
				4EFC746B291C53E70086A6AB /* SequenceTypeExtensions.swift */,
				4EFC747E291D9B100086A6AB /* NumberExtensions.swift */,
				4EFC7480291D9B3C0086A6AB /* DateIntervalExtensions.swift */,
				4EFC7482291D9B5A0086A6AB /* DateIntervalFormatter.swift */,
				4E51E58F291F01F80007887B /* StringExtensions.swift */,
				4E8B68B929202ADC00A0BBE1 /* SentryLog.swift */,
				4EF572B529214DF200F11E4A /* EncodableExtensions.swift */,
				4EF572B729214E0C00F11E4A /* JsonEncoder.swift */,
				4EF572B929214E2900F11E4A /* isoDateFormatter.swift */,
				4EF572BD2921511D00F11E4A /* JsonDateFormatter.swift */,
			);
			path = Utils;
			sourceTree = "<group>";
		};
		4EFC7464291C3F900086A6AB /* Form */ = {
			isa = PBXGroup;
			children = (
				4EFC7465291C3F990086A6AB /* PetForm.swift */,
				4EFC7467291C403C0086A6AB /* PetFormViewModel.swift */,
				4EFC7484291DA4F90086A6AB /* WeightForm.swift */,
				4EFC7486291DA5040086A6AB /* WeightFormViewModel.swift */,
				4E51E597291F122C0007887B /* HealthLogForm.swift */,
				4E51E599291F12370007887B /* HealthLogFormViewModel.swift */,
			);
			path = Form;
			sourceTree = "<group>";
		};
		4EFC7471291C839A0086A6AB /* Dto */ = {
			isa = PBXGroup;
			children = (
				4EFC7472291C83B10086A6AB /* PetDto.swift */,
				4EFC7488291DA75C0086A6AB /* WeightDto.swift */,
				4EF572AA29214B7500F11E4A /* SignInDto.swift */,
				4EF572C32921620200F11E4A /* SignUpDto.swift */,
			);
			path = Dto;
			sourceTree = "<group>";
		};
		61766D039E443B97722970C0 /* Frameworks */ = {
			isa = PBXGroup;
			children = (
				BE453118ECAA8D8079CE24CF /* Pods_Wolfie.framework */,
				386429BF285A0850E511C6CE /* Pods_Wolfie_WolfieUITests.framework */,
				6DBB399146447508763BB66F /* Pods_WolfieTests.framework */,
			);
			name = Frameworks;
			sourceTree = "<group>";
		};
/* End PBXGroup section */

/* Begin PBXNativeTarget section */
		4E24B6D829147D7600405D06 /* Wolfie */ = {
			isa = PBXNativeTarget;
			buildConfigurationList = 4E24B70229147D7700405D06 /* Build configuration list for PBXNativeTarget "Wolfie" */;
			buildPhases = (
				B397EBCAA02CFF5727E1661D /* [CP] Check Pods Manifest.lock */,
				4E24B6D529147D7600405D06 /* Sources */,
				4E24B6D629147D7600405D06 /* Frameworks */,
				4E24B6D729147D7600405D06 /* Resources */,
				19D71AB7483872ECFDD632C7 /* [CP] Embed Pods Frameworks */,
			);
			buildRules = (
			);
			dependencies = (
			);
			name = Wolfie;
			productName = Wolfie;
			productReference = 4E24B6D929147D7600405D06 /* Wolfie.app */;
			productType = "com.apple.product-type.application";
		};
		4E24B6ED29147D7700405D06 /* WolfieTests */ = {
			isa = PBXNativeTarget;
			buildConfigurationList = 4E24B70529147D7700405D06 /* Build configuration list for PBXNativeTarget "WolfieTests" */;
			buildPhases = (
				932A5DB46480F87832693DBB /* [CP] Check Pods Manifest.lock */,
				4E24B6EA29147D7700405D06 /* Sources */,
				4E24B6EB29147D7700405D06 /* Frameworks */,
				4E24B6EC29147D7700405D06 /* Resources */,
			);
			buildRules = (
			);
			dependencies = (
				4E24B6F029147D7700405D06 /* PBXTargetDependency */,
			);
			name = WolfieTests;
			productName = WolfieTests;
			productReference = 4E24B6EE29147D7700405D06 /* WolfieTests.xctest */;
			productType = "com.apple.product-type.bundle.unit-test";
		};
		4E24B6F729147D7700405D06 /* WolfieUITests */ = {
			isa = PBXNativeTarget;
			buildConfigurationList = 4E24B70829147D7700405D06 /* Build configuration list for PBXNativeTarget "WolfieUITests" */;
			buildPhases = (
				EC5D4F6771D94E28D55C2167 /* [CP] Check Pods Manifest.lock */,
				4E24B6F429147D7700405D06 /* Sources */,
				4E24B6F529147D7700405D06 /* Frameworks */,
				4E24B6F629147D7700405D06 /* Resources */,
				26831C5F1749B049F4FB9FBF /* [CP] Embed Pods Frameworks */,
			);
			buildRules = (
			);
			dependencies = (
				4E24B6FA29147D7700405D06 /* PBXTargetDependency */,
			);
			name = WolfieUITests;
			productName = WolfieUITests;
			productReference = 4E24B6F829147D7700405D06 /* WolfieUITests.xctest */;
			productType = "com.apple.product-type.bundle.ui-testing";
		};
/* End PBXNativeTarget section */

/* Begin PBXProject section */
		4E24B6D129147D7600405D06 /* Project object */ = {
			isa = PBXProject;
			attributes = {
				BuildIndependentTargetsInParallel = 1;
				LastSwiftUpdateCheck = 1410;
				LastUpgradeCheck = 1410;
				TargetAttributes = {
					4E24B6D829147D7600405D06 = {
						CreatedOnToolsVersion = 14.1;
					};
					4E24B6ED29147D7700405D06 = {
						CreatedOnToolsVersion = 14.1;
						TestTargetID = 4E24B6D829147D7600405D06;
					};
					4E24B6F729147D7700405D06 = {
						CreatedOnToolsVersion = 14.1;
						TestTargetID = 4E24B6D829147D7600405D06;
					};
				};
			};
			buildConfigurationList = 4E24B6D429147D7600405D06 /* Build configuration list for PBXProject "Wolfie" */;
			compatibilityVersion = "Xcode 14.0";
			developmentRegion = en;
			hasScannedForEncodings = 0;
			knownRegions = (
				en,
				pl,
				Base,
			);
			mainGroup = 4E24B6D029147D7600405D06;
			productRefGroup = 4E24B6DA29147D7600405D06 /* Products */;
			projectDirPath = "";
			projectRoot = "";
			targets = (
				4E24B6D829147D7600405D06 /* Wolfie */,
				4E24B6ED29147D7700405D06 /* WolfieTests */,
				4E24B6F729147D7700405D06 /* WolfieUITests */,
			);
		};
/* End PBXProject section */

/* Begin PBXResourcesBuildPhase section */
		4E24B6D729147D7600405D06 /* Resources */ = {
			isa = PBXResourcesBuildPhase;
			buildActionMask = 2147483647;
			files = (
				4E8B68B729202A0500A0BBE1 /* Config.xcconfig in Resources */,
				4E24B6E429147D7700405D06 /* Preview Assets.xcassets in Resources */,
				4EE651BC291978E6007F115A /* Localizable.strings in Resources */,
				4E24B6E129147D7700405D06 /* Assets.xcassets in Resources */,
			);
			runOnlyForDeploymentPostprocessing = 0;
		};
		4E24B6EC29147D7700405D06 /* Resources */ = {
			isa = PBXResourcesBuildPhase;
			buildActionMask = 2147483647;
			files = (
			);
			runOnlyForDeploymentPostprocessing = 0;
		};
		4E24B6F629147D7700405D06 /* Resources */ = {
			isa = PBXResourcesBuildPhase;
			buildActionMask = 2147483647;
			files = (
			);
			runOnlyForDeploymentPostprocessing = 0;
		};
/* End PBXResourcesBuildPhase section */

/* Begin PBXShellScriptBuildPhase section */
		19D71AB7483872ECFDD632C7 /* [CP] Embed Pods Frameworks */ = {
			isa = PBXShellScriptBuildPhase;
			buildActionMask = 2147483647;
			files = (
			);
			inputFileListPaths = (
				"${PODS_ROOT}/Target Support Files/Pods-Wolfie/Pods-Wolfie-frameworks-${CONFIGURATION}-input-files.xcfilelist",
			);
			name = "[CP] Embed Pods Frameworks";
			outputFileListPaths = (
				"${PODS_ROOT}/Target Support Files/Pods-Wolfie/Pods-Wolfie-frameworks-${CONFIGURATION}-output-files.xcfilelist",
			);
			runOnlyForDeploymentPostprocessing = 0;
			shellPath = /bin/sh;
			shellScript = "\"${PODS_ROOT}/Target Support Files/Pods-Wolfie/Pods-Wolfie-frameworks.sh\"\n";
			showEnvVarsInLog = 0;
		};
		26831C5F1749B049F4FB9FBF /* [CP] Embed Pods Frameworks */ = {
			isa = PBXShellScriptBuildPhase;
			buildActionMask = 2147483647;
			files = (
			);
			inputFileListPaths = (
				"${PODS_ROOT}/Target Support Files/Pods-Wolfie-WolfieUITests/Pods-Wolfie-WolfieUITests-frameworks-${CONFIGURATION}-input-files.xcfilelist",
			);
			name = "[CP] Embed Pods Frameworks";
			outputFileListPaths = (
				"${PODS_ROOT}/Target Support Files/Pods-Wolfie-WolfieUITests/Pods-Wolfie-WolfieUITests-frameworks-${CONFIGURATION}-output-files.xcfilelist",
			);
			runOnlyForDeploymentPostprocessing = 0;
			shellPath = /bin/sh;
			shellScript = "\"${PODS_ROOT}/Target Support Files/Pods-Wolfie-WolfieUITests/Pods-Wolfie-WolfieUITests-frameworks.sh\"\n";
			showEnvVarsInLog = 0;
		};
		932A5DB46480F87832693DBB /* [CP] Check Pods Manifest.lock */ = {
			isa = PBXShellScriptBuildPhase;
			buildActionMask = 2147483647;
			files = (
			);
			inputFileListPaths = (
			);
			inputPaths = (
				"${PODS_PODFILE_DIR_PATH}/Podfile.lock",
				"${PODS_ROOT}/Manifest.lock",
			);
			name = "[CP] Check Pods Manifest.lock";
			outputFileListPaths = (
			);
			outputPaths = (
				"$(DERIVED_FILE_DIR)/Pods-WolfieTests-checkManifestLockResult.txt",
			);
			runOnlyForDeploymentPostprocessing = 0;
			shellPath = /bin/sh;
			shellScript = "diff \"${PODS_PODFILE_DIR_PATH}/Podfile.lock\" \"${PODS_ROOT}/Manifest.lock\" > /dev/null\nif [ $? != 0 ] ; then\n    # print error to STDERR\n    echo \"error: The sandbox is not in sync with the Podfile.lock. Run 'pod install' or update your CocoaPods installation.\" >&2\n    exit 1\nfi\n# This output is used by Xcode 'outputs' to avoid re-running this script phase.\necho \"SUCCESS\" > \"${SCRIPT_OUTPUT_FILE_0}\"\n";
			showEnvVarsInLog = 0;
		};
		B397EBCAA02CFF5727E1661D /* [CP] Check Pods Manifest.lock */ = {
			isa = PBXShellScriptBuildPhase;
			buildActionMask = 2147483647;
			files = (
			);
			inputFileListPaths = (
			);
			inputPaths = (
				"${PODS_PODFILE_DIR_PATH}/Podfile.lock",
				"${PODS_ROOT}/Manifest.lock",
			);
			name = "[CP] Check Pods Manifest.lock";
			outputFileListPaths = (
			);
			outputPaths = (
				"$(DERIVED_FILE_DIR)/Pods-Wolfie-checkManifestLockResult.txt",
			);
			runOnlyForDeploymentPostprocessing = 0;
			shellPath = /bin/sh;
			shellScript = "diff \"${PODS_PODFILE_DIR_PATH}/Podfile.lock\" \"${PODS_ROOT}/Manifest.lock\" > /dev/null\nif [ $? != 0 ] ; then\n    # print error to STDERR\n    echo \"error: The sandbox is not in sync with the Podfile.lock. Run 'pod install' or update your CocoaPods installation.\" >&2\n    exit 1\nfi\n# This output is used by Xcode 'outputs' to avoid re-running this script phase.\necho \"SUCCESS\" > \"${SCRIPT_OUTPUT_FILE_0}\"\n";
			showEnvVarsInLog = 0;
		};
		EC5D4F6771D94E28D55C2167 /* [CP] Check Pods Manifest.lock */ = {
			isa = PBXShellScriptBuildPhase;
			buildActionMask = 2147483647;
			files = (
			);
			inputFileListPaths = (
			);
			inputPaths = (
				"${PODS_PODFILE_DIR_PATH}/Podfile.lock",
				"${PODS_ROOT}/Manifest.lock",
			);
			name = "[CP] Check Pods Manifest.lock";
			outputFileListPaths = (
			);
			outputPaths = (
				"$(DERIVED_FILE_DIR)/Pods-Wolfie-WolfieUITests-checkManifestLockResult.txt",
			);
			runOnlyForDeploymentPostprocessing = 0;
			shellPath = /bin/sh;
			shellScript = "diff \"${PODS_PODFILE_DIR_PATH}/Podfile.lock\" \"${PODS_ROOT}/Manifest.lock\" > /dev/null\nif [ $? != 0 ] ; then\n    # print error to STDERR\n    echo \"error: The sandbox is not in sync with the Podfile.lock. Run 'pod install' or update your CocoaPods installation.\" >&2\n    exit 1\nfi\n# This output is used by Xcode 'outputs' to avoid re-running this script phase.\necho \"SUCCESS\" > \"${SCRIPT_OUTPUT_FILE_0}\"\n";
			showEnvVarsInLog = 0;
		};
/* End PBXShellScriptBuildPhase section */

/* Begin PBXSourcesBuildPhase section */
		4E24B6D529147D7600405D06 /* Sources */ = {
			isa = PBXSourcesBuildPhase;
			buildActionMask = 2147483647;
			files = (
				4E24B6E629147D7700405D06 /* Persistence.swift in Sources */,
				4EF572AF29214C3E00F11E4A /* ApiRouter.swift in Sources */,
				4EF572AD29214BBC00F11E4A /* SignIn.swift in Sources */,
				4EF572B129214C4B00F11E4A /* ApiConfiguration.swift in Sources */,
				4EFC745F291B1ACD0086A6AB /* TimeInterval.swift in Sources */,
				4EFC747D291D9AE50086A6AB /* SummaryComponent.swift in Sources */,
				4E51E596291F089D0007887B /* HealthLogSingleViewModel.swift in Sources */,
				4E8B68C2292034EA00A0BBE1 /* BreedDB.swift in Sources */,
				4EFC746A291C43B00086A6AB /* SelectSearchComponent.swift in Sources */,
				4EFC7470291C76FD0086A6AB /* CardComponent.swift in Sources */,
				4EFC7458291B103F0086A6AB /* AvatarComponent.swift in Sources */,
				4EFC7479291D8D0E0086A6AB /* DashboardWeightViewModel.swift in Sources */,
				4E51E5A7291F2B0B0007887B /* RefreshToken.swift in Sources */,
				4E8B68BE292032E300A0BBE1 /* PetDB.swift in Sources */,
				4E24B6E929147D7700405D06 /* Wolfie.xcdatamodeld in Sources */,
				4EFC7455291B0E4E0086A6AB /* ApiMocks.swift in Sources */,
				4E79464A291AD3FC000C356C /* InputComponent.swift in Sources */,
				4EF572A929214AA500F11E4A /* ApiService.swift in Sources */,
				4EF572BC29214E8D00F11E4A /* ApiError.swift in Sources */,
				4EF572B829214E0C00F11E4A /* JsonEncoder.swift in Sources */,
				4EFC7468291C403C0086A6AB /* PetFormViewModel.swift in Sources */,
				4EF572C229215D5300F11E4A /* WebViewComponent.swift in Sources */,
				4E51E58C291EFDA10007887B /* MedicineValue.swift in Sources */,
				4EFC7473291C83B10086A6AB /* PetDto.swift in Sources */,
				4E51E59C291F22480007887B /* MultiSelectSearch.swift in Sources */,
				4E51E588291EFCCF0007887B /* HealthLogValue.swift in Sources */,
				4E51E59A291F12370007887B /* HealthLogFormViewModel.swift in Sources */,
				4E51E590291F01F80007887B /* StringExtensions.swift in Sources */,
				4E8B68B129201E5F00A0BBE1 /* Test.swift in Sources */,
				4E51E5A5291F29E20007887B /* ProfileViewModel.swift in Sources */,
				4EFC743C291AF64C0086A6AB /* SelectComponent.swift in Sources */,
				4E8B68B429201F7100A0BBE1 /* RealmPlayground.swift in Sources */,
				4E51E5A9291F2DB20007887B /* Config.swift in Sources */,
				4EFC7483291D9B5A0086A6AB /* DateIntervalFormatter.swift in Sources */,
				4EE651CA2919D310007F115A /* ShakeGestureManager.swift in Sources */,
				4EFC746C291C53E70086A6AB /* SequenceTypeExtensions.swift in Sources */,
				4EFC743A291AEA6F0086A6AB /* SignUpViewModel.swift in Sources */,
				4EFC7477291D8CC60086A6AB /* DashboardWeightsView.swift in Sources */,
				4E8B68BA29202ADC00A0BBE1 /* SentryLog.swift in Sources */,
				4EFC7466291C3F990086A6AB /* PetForm.swift in Sources */,
				4E24B6DF29147D7600405D06 /* ContentView.swift in Sources */,
				4EFC7452291B0E370086A6AB /* PetCardComponent.swift in Sources */,
				4E51E5A3291F29D60007887B /* ProfileView.swift in Sources */,
				4EF572BE2921511D00F11E4A /* JsonDateFormatter.swift in Sources */,
				4E51E584291EFC750007887B /* HealthLogView.swift in Sources */,
				4E51E5B0291F35A10007887B /* WebView.swift in Sources */,
				4EF572C0292154BF00F11E4A /* ErrorMessage.swift in Sources */,
				4EFC744C291B0C310086A6AB /* PetKind.swift in Sources */,
				4EFC745B291B1A370086A6AB /* DateExtensions.swift in Sources */,
				4EE651C129197D2E007F115A /* AppViews.swift in Sources */,
				4EFC7435291AE32D0086A6AB /* JumbotronComponent.swift in Sources */,
				4E794651291AE000000C356C /* CheckboxComponent.swift in Sources */,
				4EFC7485291DA4F90086A6AB /* WeightForm.swift in Sources */,
				4EFC7441291B06920086A6AB /* DashboardView.swift in Sources */,
				4EF572BA29214E2900F11E4A /* isoDateFormatter.swift in Sources */,
				4E51E5AB291F2DE00007887B /* UserRoles.swift in Sources */,
				4EF572B429214D4400F11E4A /* KeychainService.swift in Sources */,
				4EF572C6292168B400F11E4A /* Message.swift in Sources */,
				4EFC747F291D9B100086A6AB /* NumberExtensions.swift in Sources */,
				4EFC7461291B1AE60086A6AB /* TimeInvervalFormatter.swift in Sources */,
				4EF572C42921620200F11E4A /* SignUpDto.swift in Sources */,
				4EFC746E291C76660086A6AB /* DashboardSingleView.swift in Sources */,
				4EFC744E291B0C5F0086A6AB /* WeightValue.swift in Sources */,
				4EFC7437291AE6C00086A6AB /* MainViewModel.swift in Sources */,
				4EFC7450291B0CE60086A6AB /* Breed.swift in Sources */,
				4E8B68AE29201D9900A0BBE1 /* RealmManager.swift in Sources */,
				4EE651C32919BF82007F115A /* SignInView.swift in Sources */,
				4EF572B629214DF200F11E4A /* EncodableExtensions.swift in Sources */,
				4EE651C52919BF8A007F115A /* SignUpView.swift in Sources */,
				4EFC745D291B1A630086A6AB /* DateFormatter.swift in Sources */,
				4E79464C291AD58F000C356C /* SignInViewModel.swift in Sources */,
				4EE651B0291971EA007F115A /* MainView.swift in Sources */,
				4E51E598291F122C0007887B /* HealthLogForm.swift in Sources */,
				4EFC7487291DA5040086A6AB /* WeightFormViewModel.swift in Sources */,
				4EFC743E291AF6920086A6AB /* WeightUnits.swift in Sources */,
				4EFC7481291D9B3C0086A6AB /* DateIntervalExtensions.swift in Sources */,
				4E8B68C02920349100A0BBE1 /* WeightValueDB.swift in Sources */,
				4EE651B62919734F007F115A /* ButtonComponent.swift in Sources */,
				4EFC7475291C85AB0086A6AB /* InputDateComponent.swift in Sources */,
				4EE651B92919769D007F115A /* GuestView.swift in Sources */,
				4E51E58A291EFD180007887B /* HealthLogKind.swift in Sources */,
				4EFC7447291B0B990086A6AB /* MyPets.swift in Sources */,
				4E24B6DD29147D7600405D06 /* WolfieApp.swift in Sources */,
				4EE651B32919724A007F115A /* MainDevView.swift in Sources */,
				4E51E594291F08780007887B /* HealthLogSingleView.swift in Sources */,
				4EFC7489291DA75C0086A6AB /* WeightDto.swift in Sources */,
				4EFC744A291B0BF20086A6AB /* PetSingle.swift in Sources */,
				4EF572AB29214B7500F11E4A /* SignInDto.swift in Sources */,
				4E51E586291EFC820007887B /* HealthLogViewModel.swift in Sources */,
				4E51E58E291EFE440007887B /* User.swift in Sources */,
			);
			runOnlyForDeploymentPostprocessing = 0;
		};
		4E24B6EA29147D7700405D06 /* Sources */ = {
			isa = PBXSourcesBuildPhase;
			buildActionMask = 2147483647;
			files = (
				4E24B6F329147D7700405D06 /* WolfieTests.swift in Sources */,
			);
			runOnlyForDeploymentPostprocessing = 0;
		};
		4E24B6F429147D7700405D06 /* Sources */ = {
			isa = PBXSourcesBuildPhase;
			buildActionMask = 2147483647;
			files = (
				4E24B6FF29147D7700405D06 /* WolfieUITestsLaunchTests.swift in Sources */,
				4E24B6FD29147D7700405D06 /* WolfieUITests.swift in Sources */,
			);
			runOnlyForDeploymentPostprocessing = 0;
		};
/* End PBXSourcesBuildPhase section */

/* Begin PBXTargetDependency section */
		4E24B6F029147D7700405D06 /* PBXTargetDependency */ = {
			isa = PBXTargetDependency;
			target = 4E24B6D829147D7600405D06 /* Wolfie */;
			targetProxy = 4E24B6EF29147D7700405D06 /* PBXContainerItemProxy */;
		};
		4E24B6FA29147D7700405D06 /* PBXTargetDependency */ = {
			isa = PBXTargetDependency;
			target = 4E24B6D829147D7600405D06 /* Wolfie */;
			targetProxy = 4E24B6F929147D7700405D06 /* PBXContainerItemProxy */;
		};
/* End PBXTargetDependency section */

/* Begin PBXVariantGroup section */
		4EE651BE291978E6007F115A /* Localizable.strings */ = {
			isa = PBXVariantGroup;
			children = (
				4EE651BD291978E6007F115A /* en */,
				4EE651BF291978EA007F115A /* pl */,
			);
			name = Localizable.strings;
			sourceTree = "<group>";
		};
/* End PBXVariantGroup section */

/* Begin XCBuildConfiguration section */
		4E24B70029147D7700405D06 /* Debug */ = {
			isa = XCBuildConfiguration;
			buildSettings = {
				ALWAYS_SEARCH_USER_PATHS = NO;
				CLANG_ANALYZER_NONNULL = YES;
				CLANG_ANALYZER_NUMBER_OBJECT_CONVERSION = YES_AGGRESSIVE;
				CLANG_CXX_LANGUAGE_STANDARD = "gnu++20";
				CLANG_ENABLE_MODULES = YES;
				CLANG_ENABLE_OBJC_ARC = YES;
				CLANG_ENABLE_OBJC_WEAK = YES;
				CLANG_WARN_BLOCK_CAPTURE_AUTORELEASING = YES;
				CLANG_WARN_BOOL_CONVERSION = YES;
				CLANG_WARN_COMMA = YES;
				CLANG_WARN_CONSTANT_CONVERSION = YES;
				CLANG_WARN_DEPRECATED_OBJC_IMPLEMENTATIONS = YES;
				CLANG_WARN_DIRECT_OBJC_ISA_USAGE = YES_ERROR;
				CLANG_WARN_DOCUMENTATION_COMMENTS = YES;
				CLANG_WARN_EMPTY_BODY = YES;
				CLANG_WARN_ENUM_CONVERSION = YES;
				CLANG_WARN_INFINITE_RECURSION = YES;
				CLANG_WARN_INT_CONVERSION = YES;
				CLANG_WARN_NON_LITERAL_NULL_CONVERSION = YES;
				CLANG_WARN_OBJC_IMPLICIT_RETAIN_SELF = YES;
				CLANG_WARN_OBJC_LITERAL_CONVERSION = YES;
				CLANG_WARN_OBJC_ROOT_CLASS = YES_ERROR;
				CLANG_WARN_QUOTED_INCLUDE_IN_FRAMEWORK_HEADER = YES;
				CLANG_WARN_RANGE_LOOP_ANALYSIS = YES;
				CLANG_WARN_STRICT_PROTOTYPES = YES;
				CLANG_WARN_SUSPICIOUS_MOVE = YES;
				CLANG_WARN_UNGUARDED_AVAILABILITY = YES_AGGRESSIVE;
				CLANG_WARN_UNREACHABLE_CODE = YES;
				CLANG_WARN__DUPLICATE_METHOD_MATCH = YES;
				COPY_PHASE_STRIP = NO;
				DEBUG_INFORMATION_FORMAT = dwarf;
				ENABLE_STRICT_OBJC_MSGSEND = YES;
				ENABLE_TESTABILITY = YES;
				GCC_C_LANGUAGE_STANDARD = gnu11;
				GCC_DYNAMIC_NO_PIC = NO;
				GCC_NO_COMMON_BLOCKS = YES;
				GCC_OPTIMIZATION_LEVEL = 0;
				GCC_PREPROCESSOR_DEFINITIONS = (
					"DEBUG=1",
					"$(inherited)",
				);
				GCC_WARN_64_TO_32_BIT_CONVERSION = YES;
				GCC_WARN_ABOUT_RETURN_TYPE = YES_ERROR;
				GCC_WARN_UNDECLARED_SELECTOR = YES;
				GCC_WARN_UNINITIALIZED_AUTOS = YES_AGGRESSIVE;
				GCC_WARN_UNUSED_FUNCTION = YES;
				GCC_WARN_UNUSED_VARIABLE = YES;
				IPHONEOS_DEPLOYMENT_TARGET = 16.0;
				MTL_ENABLE_DEBUG_INFO = INCLUDE_SOURCE;
				MTL_FAST_MATH = YES;
				ONLY_ACTIVE_ARCH = YES;
				SDKROOT = iphoneos;
				SWIFT_ACTIVE_COMPILATION_CONDITIONS = DEBUG;
				SWIFT_OPTIMIZATION_LEVEL = "-Onone";
			};
			name = Debug;
		};
		4E24B70129147D7700405D06 /* Release */ = {
			isa = XCBuildConfiguration;
			buildSettings = {
				ALWAYS_SEARCH_USER_PATHS = NO;
				CLANG_ANALYZER_NONNULL = YES;
				CLANG_ANALYZER_NUMBER_OBJECT_CONVERSION = YES_AGGRESSIVE;
				CLANG_CXX_LANGUAGE_STANDARD = "gnu++20";
				CLANG_ENABLE_MODULES = YES;
				CLANG_ENABLE_OBJC_ARC = YES;
				CLANG_ENABLE_OBJC_WEAK = YES;
				CLANG_WARN_BLOCK_CAPTURE_AUTORELEASING = YES;
				CLANG_WARN_BOOL_CONVERSION = YES;
				CLANG_WARN_COMMA = YES;
				CLANG_WARN_CONSTANT_CONVERSION = YES;
				CLANG_WARN_DEPRECATED_OBJC_IMPLEMENTATIONS = YES;
				CLANG_WARN_DIRECT_OBJC_ISA_USAGE = YES_ERROR;
				CLANG_WARN_DOCUMENTATION_COMMENTS = YES;
				CLANG_WARN_EMPTY_BODY = YES;
				CLANG_WARN_ENUM_CONVERSION = YES;
				CLANG_WARN_INFINITE_RECURSION = YES;
				CLANG_WARN_INT_CONVERSION = YES;
				CLANG_WARN_NON_LITERAL_NULL_CONVERSION = YES;
				CLANG_WARN_OBJC_IMPLICIT_RETAIN_SELF = YES;
				CLANG_WARN_OBJC_LITERAL_CONVERSION = YES;
				CLANG_WARN_OBJC_ROOT_CLASS = YES_ERROR;
				CLANG_WARN_QUOTED_INCLUDE_IN_FRAMEWORK_HEADER = YES;
				CLANG_WARN_RANGE_LOOP_ANALYSIS = YES;
				CLANG_WARN_STRICT_PROTOTYPES = YES;
				CLANG_WARN_SUSPICIOUS_MOVE = YES;
				CLANG_WARN_UNGUARDED_AVAILABILITY = YES_AGGRESSIVE;
				CLANG_WARN_UNREACHABLE_CODE = YES;
				CLANG_WARN__DUPLICATE_METHOD_MATCH = YES;
				COPY_PHASE_STRIP = NO;
				DEBUG_INFORMATION_FORMAT = "dwarf-with-dsym";
				ENABLE_NS_ASSERTIONS = NO;
				ENABLE_STRICT_OBJC_MSGSEND = YES;
				GCC_C_LANGUAGE_STANDARD = gnu11;
				GCC_NO_COMMON_BLOCKS = YES;
				GCC_WARN_64_TO_32_BIT_CONVERSION = YES;
				GCC_WARN_ABOUT_RETURN_TYPE = YES_ERROR;
				GCC_WARN_UNDECLARED_SELECTOR = YES;
				GCC_WARN_UNINITIALIZED_AUTOS = YES_AGGRESSIVE;
				GCC_WARN_UNUSED_FUNCTION = YES;
				GCC_WARN_UNUSED_VARIABLE = YES;
				IPHONEOS_DEPLOYMENT_TARGET = 16.0;
				MTL_ENABLE_DEBUG_INFO = NO;
				MTL_FAST_MATH = YES;
				SDKROOT = iphoneos;
				SWIFT_COMPILATION_MODE = wholemodule;
				SWIFT_OPTIMIZATION_LEVEL = "-O";
				VALIDATE_PRODUCT = YES;
			};
			name = Release;
		};
		4E24B70329147D7700405D06 /* Debug */ = {
			isa = XCBuildConfiguration;
			baseConfigurationReference = 4E8B68BB29202DF700A0BBE1 /* ConfigDebug.xcconfig */;
			buildSettings = {
				ASSETCATALOG_COMPILER_APPICON_NAME = AppIcon;
				ASSETCATALOG_COMPILER_GLOBAL_ACCENT_COLOR_NAME = AccentColor;
				CODE_SIGN_STYLE = Automatic;
				CURRENT_PROJECT_VERSION = 1;
				DEVELOPMENT_ASSET_PATHS = "\"Wolfie/Preview Content\"";
				DEVELOPMENT_TEAM = 6WY65SAG73;
				ENABLE_PREVIEWS = YES;
				GENERATE_INFOPLIST_FILE = YES;
				INFOPLIST_FILE = Wolfie/Info.plist;
				INFOPLIST_KEY_CFBundleDisplayName = Wolfie.app;
				INFOPLIST_KEY_LSApplicationCategoryType = "public.app-category.healthcare-fitness";
				INFOPLIST_KEY_UIApplicationSceneManifest_Generation = YES;
				INFOPLIST_KEY_UIApplicationSupportsIndirectInputEvents = YES;
				INFOPLIST_KEY_UILaunchScreen_Generation = YES;
				INFOPLIST_KEY_UISupportedInterfaceOrientations = UIInterfaceOrientationPortrait;
				INFOPLIST_KEY_UISupportedInterfaceOrientations_iPad = "UIInterfaceOrientationPortrait UIInterfaceOrientationPortraitUpsideDown";
				IPHONEOS_DEPLOYMENT_TARGET = 16.0;
				LD_RUNPATH_SEARCH_PATHS = (
					"$(inherited)",
					"@executable_path/Frameworks",
				);
				MARKETING_VERSION = 1.0;
				PRODUCT_BUNDLE_IDENTIFIER = me.blanik.Wolfie;
				PRODUCT_NAME = "$(TARGET_NAME)";
				SWIFT_EMIT_LOC_STRINGS = YES;
				SWIFT_VERSION = 5.0;
				TARGETED_DEVICE_FAMILY = "1,2";
			};
			name = Debug;
		};
		4E24B70429147D7700405D06 /* Release */ = {
			isa = XCBuildConfiguration;
			baseConfigurationReference = 4E8B68B52920298B00A0BBE1 /* Config.xcconfig */;
			buildSettings = {
				ASSETCATALOG_COMPILER_APPICON_NAME = AppIcon;
				ASSETCATALOG_COMPILER_GLOBAL_ACCENT_COLOR_NAME = AccentColor;
				CODE_SIGN_STYLE = Automatic;
				CURRENT_PROJECT_VERSION = 1;
				DEVELOPMENT_ASSET_PATHS = "\"Wolfie/Preview Content\"";
				DEVELOPMENT_TEAM = 6WY65SAG73;
				ENABLE_PREVIEWS = YES;
				GENERATE_INFOPLIST_FILE = YES;
				INFOPLIST_FILE = Wolfie/Info.plist;
				INFOPLIST_KEY_CFBundleDisplayName = Wolfie.app;
				INFOPLIST_KEY_LSApplicationCategoryType = "public.app-category.healthcare-fitness";
				INFOPLIST_KEY_UIApplicationSceneManifest_Generation = YES;
				INFOPLIST_KEY_UIApplicationSupportsIndirectInputEvents = YES;
				INFOPLIST_KEY_UILaunchScreen_Generation = YES;
				INFOPLIST_KEY_UISupportedInterfaceOrientations = UIInterfaceOrientationPortrait;
				INFOPLIST_KEY_UISupportedInterfaceOrientations_iPad = "UIInterfaceOrientationPortrait UIInterfaceOrientationPortraitUpsideDown";
				IPHONEOS_DEPLOYMENT_TARGET = 16.0;
				LD_RUNPATH_SEARCH_PATHS = (
					"$(inherited)",
					"@executable_path/Frameworks",
				);
				MARKETING_VERSION = 1.0;
				PRODUCT_BUNDLE_IDENTIFIER = me.blanik.Wolfie;
				PRODUCT_NAME = "$(TARGET_NAME)";
				SWIFT_EMIT_LOC_STRINGS = YES;
				SWIFT_VERSION = 5.0;
				TARGETED_DEVICE_FAMILY = "1,2";
			};
			name = Release;
		};
		4E24B70629147D7700405D06 /* Debug */ = {
			isa = XCBuildConfiguration;
			baseConfigurationReference = E5C3C974C2CCFB47A6DAFB32 /* Pods-WolfieTests.debug.xcconfig */;
			buildSettings = {
				ALWAYS_EMBED_SWIFT_STANDARD_LIBRARIES = YES;
				BUNDLE_LOADER = "$(TEST_HOST)";
				CODE_SIGN_STYLE = Automatic;
				CURRENT_PROJECT_VERSION = 1;
				DEVELOPMENT_TEAM = 6WY65SAG73;
				GENERATE_INFOPLIST_FILE = YES;
				IPHONEOS_DEPLOYMENT_TARGET = 16.1;
				MARKETING_VERSION = 1.0;
				PRODUCT_BUNDLE_IDENTIFIER = me.blanik.WolfieTests;
				PRODUCT_NAME = "$(TARGET_NAME)";
				SWIFT_EMIT_LOC_STRINGS = NO;
				SWIFT_VERSION = 5.0;
				TARGETED_DEVICE_FAMILY = "1,2";
				TEST_HOST = "$(BUILT_PRODUCTS_DIR)/Wolfie.app/$(BUNDLE_EXECUTABLE_FOLDER_PATH)/Wolfie";
			};
			name = Debug;
		};
		4E24B70729147D7700405D06 /* Release */ = {
			isa = XCBuildConfiguration;
			baseConfigurationReference = D4BFF1B1755AF614DED75A82 /* Pods-WolfieTests.release.xcconfig */;
			buildSettings = {
				ALWAYS_EMBED_SWIFT_STANDARD_LIBRARIES = YES;
				BUNDLE_LOADER = "$(TEST_HOST)";
				CODE_SIGN_STYLE = Automatic;
				CURRENT_PROJECT_VERSION = 1;
				DEVELOPMENT_TEAM = 6WY65SAG73;
				GENERATE_INFOPLIST_FILE = YES;
				IPHONEOS_DEPLOYMENT_TARGET = 16.1;
				MARKETING_VERSION = 1.0;
				PRODUCT_BUNDLE_IDENTIFIER = me.blanik.WolfieTests;
				PRODUCT_NAME = "$(TARGET_NAME)";
				SWIFT_EMIT_LOC_STRINGS = NO;
				SWIFT_VERSION = 5.0;
				TARGETED_DEVICE_FAMILY = "1,2";
				TEST_HOST = "$(BUILT_PRODUCTS_DIR)/Wolfie.app/$(BUNDLE_EXECUTABLE_FOLDER_PATH)/Wolfie";
			};
			name = Release;
		};
		4E24B70929147D7700405D06 /* Debug */ = {
			isa = XCBuildConfiguration;
			baseConfigurationReference = EE06FD797580D804DCA77FDC /* Pods-Wolfie-WolfieUITests.debug.xcconfig */;
			buildSettings = {
				ALWAYS_EMBED_SWIFT_STANDARD_LIBRARIES = YES;
				CODE_SIGN_STYLE = Automatic;
				CURRENT_PROJECT_VERSION = 1;
				DEVELOPMENT_TEAM = 6WY65SAG73;
				GENERATE_INFOPLIST_FILE = YES;
				MARKETING_VERSION = 1.0;
				PRODUCT_BUNDLE_IDENTIFIER = me.blanik.WolfieUITests;
				PRODUCT_NAME = "$(TARGET_NAME)";
				SWIFT_EMIT_LOC_STRINGS = NO;
				SWIFT_VERSION = 5.0;
				TARGETED_DEVICE_FAMILY = "1,2";
				TEST_TARGET_NAME = Wolfie;
			};
			name = Debug;
		};
		4E24B70A29147D7700405D06 /* Release */ = {
			isa = XCBuildConfiguration;
			baseConfigurationReference = BAF54684DC61906065739B00 /* Pods-Wolfie-WolfieUITests.release.xcconfig */;
			buildSettings = {
				ALWAYS_EMBED_SWIFT_STANDARD_LIBRARIES = YES;
				CODE_SIGN_STYLE = Automatic;
				CURRENT_PROJECT_VERSION = 1;
				DEVELOPMENT_TEAM = 6WY65SAG73;
				GENERATE_INFOPLIST_FILE = YES;
				MARKETING_VERSION = 1.0;
				PRODUCT_BUNDLE_IDENTIFIER = me.blanik.WolfieUITests;
				PRODUCT_NAME = "$(TARGET_NAME)";
				SWIFT_EMIT_LOC_STRINGS = NO;
				SWIFT_VERSION = 5.0;
				TARGETED_DEVICE_FAMILY = "1,2";
				TEST_TARGET_NAME = Wolfie;
			};
			name = Release;
		};
/* End XCBuildConfiguration section */

/* Begin XCConfigurationList section */
		4E24B6D429147D7600405D06 /* Build configuration list for PBXProject "Wolfie" */ = {
			isa = XCConfigurationList;
			buildConfigurations = (
				4E24B70029147D7700405D06 /* Debug */,
				4E24B70129147D7700405D06 /* Release */,
			);
			defaultConfigurationIsVisible = 0;
			defaultConfigurationName = Release;
		};
		4E24B70229147D7700405D06 /* Build configuration list for PBXNativeTarget "Wolfie" */ = {
			isa = XCConfigurationList;
			buildConfigurations = (
				4E24B70329147D7700405D06 /* Debug */,
				4E24B70429147D7700405D06 /* Release */,
			);
			defaultConfigurationIsVisible = 0;
			defaultConfigurationName = Release;
		};
		4E24B70529147D7700405D06 /* Build configuration list for PBXNativeTarget "WolfieTests" */ = {
			isa = XCConfigurationList;
			buildConfigurations = (
				4E24B70629147D7700405D06 /* Debug */,
				4E24B70729147D7700405D06 /* Release */,
			);
			defaultConfigurationIsVisible = 0;
			defaultConfigurationName = Release;
		};
		4E24B70829147D7700405D06 /* Build configuration list for PBXNativeTarget "WolfieUITests" */ = {
			isa = XCConfigurationList;
			buildConfigurations = (
				4E24B70929147D7700405D06 /* Debug */,
				4E24B70A29147D7700405D06 /* Release */,
			);
			defaultConfigurationIsVisible = 0;
			defaultConfigurationName = Release;
		};
/* End XCConfigurationList section */

/* Begin XCVersionGroup section */
		4E24B6E729147D7700405D06 /* Wolfie.xcdatamodeld */ = {
			isa = XCVersionGroup;
			children = (
				4E24B6E829147D7700405D06 /* Wolfie.xcdatamodel */,
			);
			currentVersion = 4E24B6E829147D7700405D06 /* Wolfie.xcdatamodel */;
			path = Wolfie.xcdatamodeld;
			sourceTree = "<group>";
			versionGroupType = wrapper.xcdatamodel;
		};
/* End XCVersionGroup section */
	};
	rootObject = 4E24B6D129147D7600405D06 /* Project object */;
}
